// !$*UTF8*$!
{
	archiveVersion = 1;
	classes = {
	};
	objectVersion = 55;
	objects = {

/* Begin PBXBuildFile section */
		7B35C79E289233420011DDD3 /* GiverMessageVC.swift in Sources */ = {isa = PBXBuildFile; fileRef = 7B35C79D289233420011DDD3 /* GiverMessageVC.swift */; };
		7B35C7A0289233610011DDD3 /* GiverMessageWriteVC.swift in Sources */ = {isa = PBXBuildFile; fileRef = 7B35C79F289233610011DDD3 /* GiverMessageWriteVC.swift */; };
		9E63979328979FED0051FCAE /* FirebaseManager.swift in Sources */ = {isa = PBXBuildFile; fileRef = 9E63979228979FED0051FCAE /* FirebaseManager.swift */; };
		9E6397972897AAA50051FCAE /* FirebaseModel.swift in Sources */ = {isa = PBXBuildFile; fileRef = 9E6397962897AAA50051FCAE /* FirebaseModel.swift */; };
		9E6397992897D92F0051FCAE /* FirebaseStorageManager.swift in Sources */ = {isa = PBXBuildFile; fileRef = 9E6397982897D92F0051FCAE /* FirebaseStorageManager.swift */; };
		9EB9359928842AE000A56668 /* CloudKit.framework in Frameworks */ = {isa = PBXBuildFile; fileRef = 9EB9359828842AE000A56668 /* CloudKit.framework */; };
		9EB9359C28845ACE00A56668 /* CloudKitManager.swift in Sources */ = {isa = PBXBuildFile; fileRef = 9EB9359B28845ACE00A56668 /* CloudKitManager.swift */; };
		9EB9AC992892C5DA00F0FD26 /* FirebaseAnalytics in Frameworks */ = {isa = PBXBuildFile; productRef = 9EB9AC982892C5DA00F0FD26 /* FirebaseAnalytics */; };
		9EB9AC9B2892C5DA00F0FD26 /* FirebaseStorage in Frameworks */ = {isa = PBXBuildFile; productRef = 9EB9AC9A2892C5DA00F0FD26 /* FirebaseStorage */; };
		9EB9AC9F28937B7F00F0FD26 /* GoogleService-Info.plist in Resources */ = {isa = PBXBuildFile; fileRef = 9EB9AC9E28937B7F00F0FD26 /* GoogleService-Info.plist */; };
		9EB9ACA12893AE7200F0FD26 /* FirebaseFirestore in Frameworks */ = {isa = PBXBuildFile; productRef = 9EB9ACA02893AE7200F0FD26 /* FirebaseFirestore */; };
		9EB9ACA32893AE7200F0FD26 /* FirebaseFirestoreSwift in Frameworks */ = {isa = PBXBuildFile; productRef = 9EB9ACA22893AE7200F0FD26 /* FirebaseFirestoreSwift */; };
		9EB9ACA52893BF9C00F0FD26 /* GiverMessageGround.storyboard in Resources */ = {isa = PBXBuildFile; fileRef = 9EB9ACA42893BF9C00F0FD26 /* GiverMessageGround.storyboard */; };
		9EB9ACA72893C58500F0FD26 /* GiverMessageGroundVC.swift in Sources */ = {isa = PBXBuildFile; fileRef = 9EB9ACA62893C58500F0FD26 /* GiverMessageGroundVC.swift */; };
		A00D097C2891165A00F72459 /* GiverHomeCompleteVC.swift in Sources */ = {isa = PBXBuildFile; fileRef = A00D097B2891165A00F72459 /* GiverHomeCompleteVC.swift */; };
		A02344C82893C52800347421 /* AdminHomeSetting.storyboard in Resources */ = {isa = PBXBuildFile; fileRef = A02344C72893C52800347421 /* AdminHomeSetting.storyboard */; };
		A02344CA2893C55900347421 /* AdminHomeSettingVC.swift in Sources */ = {isa = PBXBuildFile; fileRef = A02344C92893C55900347421 /* AdminHomeSettingVC.swift */; };
		A0519B2D28913513002DF848 /* AdminHome.storyboard in Resources */ = {isa = PBXBuildFile; fileRef = A0519B2C28913513002DF848 /* AdminHome.storyboard */; };
		A0519B2F28916C75002DF848 /* AdminHomeVC.swift in Sources */ = {isa = PBXBuildFile; fileRef = A0519B2E28916C75002DF848 /* AdminHomeVC.swift */; };
		BC09E141287FF4FA00521F55 /* GiverLogin.storyboard in Resources */ = {isa = PBXBuildFile; fileRef = BC09E140287FF4FA00521F55 /* GiverLogin.storyboard */; };
		BC09E143287FF50900521F55 /* GiverHome.storyboard in Resources */ = {isa = PBXBuildFile; fileRef = BC09E142287FF50900521F55 /* GiverHome.storyboard */; };
		BC09E145287FF51800521F55 /* GiverFeed.storyboard in Resources */ = {isa = PBXBuildFile; fileRef = BC09E144287FF51800521F55 /* GiverFeed.storyboard */; };
		BC09E155287FFCC200521F55 /* GiverTabBarVC.swift in Sources */ = {isa = PBXBuildFile; fileRef = BC09E154287FFCC200521F55 /* GiverTabBarVC.swift */; };
		BC09E157287FFCD900521F55 /* GiverLoginVC.swift in Sources */ = {isa = PBXBuildFile; fileRef = BC09E156287FFCD900521F55 /* GiverLoginVC.swift */; };
		BC09E159287FFD6200521F55 /* GiverHomeVC.swift in Sources */ = {isa = PBXBuildFile; fileRef = BC09E158287FFD6200521F55 /* GiverHomeVC.swift */; };
		BC09E15F28800A3900521F55 /* Main.storyboard in Resources */ = {isa = PBXBuildFile; fileRef = BC09E15E28800A3900521F55 /* Main.storyboard */; };
		BC1B89962897A91C00D0DE99 /* cake_complete_animation.mp4 in Resources */ = {isa = PBXBuildFile; fileRef = BC1B89952897A91C00D0DE99 /* cake_complete_animation.mp4 */; };
		BC5087E3288276F500A4AD5F /* FeedDetailViewController.swift in Sources */ = {isa = PBXBuildFile; fileRef = BC5087E2288276F500A4AD5F /* FeedDetailViewController.swift */; };
		BC5087E52882771E00A4AD5F /* FeedPresentationController.swift in Sources */ = {isa = PBXBuildFile; fileRef = BC5087E42882771E00A4AD5F /* FeedPresentationController.swift */; };
		BC5087E72882773600A4AD5F /* FeedViewController.swift in Sources */ = {isa = PBXBuildFile; fileRef = BC5087E62882773600A4AD5F /* FeedViewController.swift */; };
		BC5087E92882776B00A4AD5F /* FeedAnimationTransition.swift in Sources */ = {isa = PBXBuildFile; fileRef = BC5087E82882776B00A4AD5F /* FeedAnimationTransition.swift */; };
		BC5087EB2882778600A4AD5F /* DetailScrollView.swift in Sources */ = {isa = PBXBuildFile; fileRef = BC5087EA2882778600A4AD5F /* DetailScrollView.swift */; };
		BC5087ED288277A000A4AD5F /* FeedTableHeaderView.swift in Sources */ = {isa = PBXBuildFile; fileRef = BC5087EC288277A000A4AD5F /* FeedTableHeaderView.swift */; };
		BC5087EF288277B500A4AD5F /* FeedTableViewCell.swift in Sources */ = {isa = PBXBuildFile; fileRef = BC5087EE288277B500A4AD5F /* FeedTableViewCell.swift */; };
		BC5087F12882790500A4AD5F /* GlobalConstants.swift in Sources */ = {isa = PBXBuildFile; fileRef = BC5087F02882790500A4AD5F /* GlobalConstants.swift */; };
		BC5087F928827B0D00A4AD5F /* UIViewExtension.swift in Sources */ = {isa = PBXBuildFile; fileRef = BC5087F828827B0D00A4AD5F /* UIViewExtension.swift */; };
		BC5087FD2882AD0800A4AD5F /* FeedModel.swift in Sources */ = {isa = PBXBuildFile; fileRef = BC5087FC2882AD0800A4AD5F /* FeedModel.swift */; };
		BC508808288E580A00A4AD5F /* VerticalAlignLabel.swift in Sources */ = {isa = PBXBuildFile; fileRef = BC508807288E580A00A4AD5F /* VerticalAlignLabel.swift */; };
		BC50880A288E6EEC00A4AD5F /* MainVC.swift in Sources */ = {isa = PBXBuildFile; fileRef = BC508809288E6EEC00A4AD5F /* MainVC.swift */; };
		BC50880C288E765300A4AD5F /* TakerLogin.storyboard in Resources */ = {isa = PBXBuildFile; fileRef = BC50880B288E765300A4AD5F /* TakerLogin.storyboard */; };
		BC50880E288E766100A4AD5F /* AdminLogin.storyboard in Resources */ = {isa = PBXBuildFile; fileRef = BC50880D288E766100A4AD5F /* AdminLogin.storyboard */; };
		BC508816288E783600A4AD5F /* TakerLoginVC.swift in Sources */ = {isa = PBXBuildFile; fileRef = BC508815288E783600A4AD5F /* TakerLoginVC.swift */; };
		BC508818288E784500A4AD5F /* AdminLoginVC.swift in Sources */ = {isa = PBXBuildFile; fileRef = BC508817288E784500A4AD5F /* AdminLoginVC.swift */; };
		BC50881D288EB03500A4AD5F /* TakerMessage.storyboard in Resources */ = {isa = PBXBuildFile; fileRef = BC50881C288EB03500A4AD5F /* TakerMessage.storyboard */; };
		BC508821288EB08000A4AD5F /* TakerMessageVC.swift in Sources */ = {isa = PBXBuildFile; fileRef = BC508820288EB08000A4AD5F /* TakerMessageVC.swift */; };
		BC508825288EBB6C00A4AD5F /* MessageModel.swift in Sources */ = {isa = PBXBuildFile; fileRef = BC508824288EBB6C00A4AD5F /* MessageModel.swift */; };
		BC8A637D287FAAF800D7DA7E /* AppDelegate.swift in Sources */ = {isa = PBXBuildFile; fileRef = BC8A637C287FAAF800D7DA7E /* AppDelegate.swift */; };
		BC8A637F287FAAF800D7DA7E /* SceneDelegate.swift in Sources */ = {isa = PBXBuildFile; fileRef = BC8A637E287FAAF800D7DA7E /* SceneDelegate.swift */; };
		BC8A6384287FAAF800D7DA7E /* GiverTabBar.storyboard in Resources */ = {isa = PBXBuildFile; fileRef = BC8A6382287FAAF800D7DA7E /* GiverTabBar.storyboard */; };
		BC8A6386287FAAF900D7DA7E /* Assets.xcassets in Resources */ = {isa = PBXBuildFile; fileRef = BC8A6385287FAAF900D7DA7E /* Assets.xcassets */; };
		BC8A6389287FAAF900D7DA7E /* LaunchScreen.storyboard in Resources */ = {isa = PBXBuildFile; fileRef = BC8A6387287FAAF900D7DA7E /* LaunchScreen.storyboard */; };
		BC8A639E287FB05400D7DA7E /* Colors.xcassets in Resources */ = {isa = PBXBuildFile; fileRef = BC8A639D287FB05400D7DA7E /* Colors.xcassets */; };
		BCCE56E8288ED74B00FB6929 /* MessageCell.xib in Resources */ = {isa = PBXBuildFile; fileRef = BCCE56E7288ED74B00FB6929 /* MessageCell.xib */; };
		BCCE56EA288EDA1600FB6929 /* MessageCell.swift in Sources */ = {isa = PBXBuildFile; fileRef = BCCE56E9288EDA1600FB6929 /* MessageCell.swift */; };
		BCCE56EC288F7C5400FB6929 /* TakerMessageWrite.storyboard in Resources */ = {isa = PBXBuildFile; fileRef = BCCE56EB288F7C5400FB6929 /* TakerMessageWrite.storyboard */; };
		BCCE56EE288F8E2700FB6929 /* TakerMessageWriteVC.swift in Sources */ = {isa = PBXBuildFile; fileRef = BCCE56ED288F8E2700FB6929 /* TakerMessageWriteVC.swift */; };
		BCCE56F02890094500FB6929 /* AdminMessage.storyboard in Resources */ = {isa = PBXBuildFile; fileRef = BCCE56EF2890094500FB6929 /* AdminMessage.storyboard */; };
		BCCE56F228900B2900FB6929 /* AdminMessageVC.swift in Sources */ = {isa = PBXBuildFile; fileRef = BCCE56F128900B2900FB6929 /* AdminMessageVC.swift */; };
		BCCE56F42891194100FB6929 /* UIColorExtension.swift in Sources */ = {isa = PBXBuildFile; fileRef = BCCE56F32891194000FB6929 /* UIColorExtension.swift */; };
		BCCE56F628914AD200FB6929 /* GiverMessage.storyboard in Resources */ = {isa = PBXBuildFile; fileRef = BCCE56F528914AD200FB6929 /* GiverMessage.storyboard */; };
		BCCE56F828914ADE00FB6929 /* GiverMessageWrite.storyboard in Resources */ = {isa = PBXBuildFile; fileRef = BCCE56F728914ADE00FB6929 /* GiverMessageWrite.storyboard */; };
		BCCE56FA2891525D00FB6929 /* StringExtension.swift in Sources */ = {isa = PBXBuildFile; fileRef = BCCE56F92891525D00FB6929 /* StringExtension.swift */; };
		CD41724C2890D60100BA8E9E /* AdminFeed.storyboard in Resources */ = {isa = PBXBuildFile; fileRef = CD41724B2890D60100BA8E9E /* AdminFeed.storyboard */; };
		CD41724E2890D61200BA8E9E /* AdminTabBar.storyboard in Resources */ = {isa = PBXBuildFile; fileRef = CD41724D2890D61200BA8E9E /* AdminTabBar.storyboard */; };
		CD4172542890DDD900BA8E9E /* AdminTabBarVC.swift in Sources */ = {isa = PBXBuildFile; fileRef = CD4172532890DDD900BA8E9E /* AdminTabBarVC.swift */; };
		CD4172562890DE9500BA8E9E /* DetailScrollViewAdmin.swift in Sources */ = {isa = PBXBuildFile; fileRef = CD4172552890DE9500BA8E9E /* DetailScrollViewAdmin.swift */; };
		CD4172582890DEA500BA8E9E /* FeedTableHeaderViewAdmin.swift in Sources */ = {isa = PBXBuildFile; fileRef = CD4172572890DEA500BA8E9E /* FeedTableHeaderViewAdmin.swift */; };
		CD41725A2890DEB600BA8E9E /* FeedTableViewCellAdmin.swift in Sources */ = {isa = PBXBuildFile; fileRef = CD4172592890DEB600BA8E9E /* FeedTableViewCellAdmin.swift */; };
		CD41725C2890DECB00BA8E9E /* FeedAnimationTransitionAdmin.swift in Sources */ = {isa = PBXBuildFile; fileRef = CD41725B2890DECB00BA8E9E /* FeedAnimationTransitionAdmin.swift */; };
		CD41725E2890DEDC00BA8E9E /* FeedDetailViewControllerAdmin.swift in Sources */ = {isa = PBXBuildFile; fileRef = CD41725D2890DEDC00BA8E9E /* FeedDetailViewControllerAdmin.swift */; };
		CD4172602890DEF300BA8E9E /* FeedPresentationControllerAdmin.swift in Sources */ = {isa = PBXBuildFile; fileRef = CD41725F2890DEF300BA8E9E /* FeedPresentationControllerAdmin.swift */; };
		CD4172622890DF1A00BA8E9E /* FeedViewControllerAdmin.swift in Sources */ = {isa = PBXBuildFile; fileRef = CD4172612890DF1A00BA8E9E /* FeedViewControllerAdmin.swift */; };
		CD41727F2899438300BA8E9E /* FeedUploadViewController.swift in Sources */ = {isa = PBXBuildFile; fileRef = CD41727E2899438300BA8E9E /* FeedUploadViewController.swift */; };
/* End PBXBuildFile section */

/* Begin PBXFileReference section */
		7B35C79D289233420011DDD3 /* GiverMessageVC.swift */ = {isa = PBXFileReference; lastKnownFileType = sourcecode.swift; path = GiverMessageVC.swift; sourceTree = "<group>"; };
		7B35C79F289233610011DDD3 /* GiverMessageWriteVC.swift */ = {isa = PBXFileReference; lastKnownFileType = sourcecode.swift; path = GiverMessageWriteVC.swift; sourceTree = "<group>"; };
		9E63979228979FED0051FCAE /* FirebaseManager.swift */ = {isa = PBXFileReference; lastKnownFileType = sourcecode.swift; path = FirebaseManager.swift; sourceTree = "<group>"; };
		9E6397962897AAA50051FCAE /* FirebaseModel.swift */ = {isa = PBXFileReference; lastKnownFileType = sourcecode.swift; path = FirebaseModel.swift; sourceTree = "<group>"; };
		9E6397982897D92F0051FCAE /* FirebaseStorageManager.swift */ = {isa = PBXFileReference; lastKnownFileType = sourcecode.swift; path = FirebaseStorageManager.swift; sourceTree = "<group>"; };
		9EB9359628842AA900A56668 /* GiveCake.entitlements */ = {isa = PBXFileReference; lastKnownFileType = text.plist.entitlements; path = GiveCake.entitlements; sourceTree = "<group>"; };
		9EB9359828842AE000A56668 /* CloudKit.framework */ = {isa = PBXFileReference; lastKnownFileType = wrapper.framework; name = CloudKit.framework; path = System/Library/Frameworks/CloudKit.framework; sourceTree = SDKROOT; };
		9EB9359B28845ACE00A56668 /* CloudKitManager.swift */ = {isa = PBXFileReference; lastKnownFileType = sourcecode.swift; path = CloudKitManager.swift; sourceTree = "<group>"; };
		9EB9AC9E28937B7F00F0FD26 /* GoogleService-Info.plist */ = {isa = PBXFileReference; fileEncoding = 4; lastKnownFileType = text.plist.xml; path = "GoogleService-Info.plist"; sourceTree = "<group>"; };
		9EB9ACA42893BF9C00F0FD26 /* GiverMessageGround.storyboard */ = {isa = PBXFileReference; lastKnownFileType = file.storyboard; path = GiverMessageGround.storyboard; sourceTree = "<group>"; };
		9EB9ACA62893C58500F0FD26 /* GiverMessageGroundVC.swift */ = {isa = PBXFileReference; lastKnownFileType = sourcecode.swift; path = GiverMessageGroundVC.swift; sourceTree = "<group>"; };
		A00D097B2891165A00F72459 /* GiverHomeCompleteVC.swift */ = {isa = PBXFileReference; lastKnownFileType = sourcecode.swift; path = GiverHomeCompleteVC.swift; sourceTree = "<group>"; };
		A02344C72893C52800347421 /* AdminHomeSetting.storyboard */ = {isa = PBXFileReference; lastKnownFileType = file.storyboard; path = AdminHomeSetting.storyboard; sourceTree = "<group>"; };
		A02344C92893C55900347421 /* AdminHomeSettingVC.swift */ = {isa = PBXFileReference; lastKnownFileType = sourcecode.swift; path = AdminHomeSettingVC.swift; sourceTree = "<group>"; };
		A0519B2C28913513002DF848 /* AdminHome.storyboard */ = {isa = PBXFileReference; lastKnownFileType = file.storyboard; path = AdminHome.storyboard; sourceTree = "<group>"; };
		A0519B2E28916C75002DF848 /* AdminHomeVC.swift */ = {isa = PBXFileReference; lastKnownFileType = sourcecode.swift; path = AdminHomeVC.swift; sourceTree = "<group>"; };
		BC09E140287FF4FA00521F55 /* GiverLogin.storyboard */ = {isa = PBXFileReference; lastKnownFileType = file.storyboard; path = GiverLogin.storyboard; sourceTree = "<group>"; };
		BC09E142287FF50900521F55 /* GiverHome.storyboard */ = {isa = PBXFileReference; lastKnownFileType = file.storyboard; path = GiverHome.storyboard; sourceTree = "<group>"; };
		BC09E144287FF51800521F55 /* GiverFeed.storyboard */ = {isa = PBXFileReference; lastKnownFileType = file.storyboard; path = GiverFeed.storyboard; sourceTree = "<group>"; };
		BC09E154287FFCC200521F55 /* GiverTabBarVC.swift */ = {isa = PBXFileReference; lastKnownFileType = sourcecode.swift; path = GiverTabBarVC.swift; sourceTree = "<group>"; };
		BC09E156287FFCD900521F55 /* GiverLoginVC.swift */ = {isa = PBXFileReference; lastKnownFileType = sourcecode.swift; path = GiverLoginVC.swift; sourceTree = "<group>"; };
		BC09E158287FFD6200521F55 /* GiverHomeVC.swift */ = {isa = PBXFileReference; lastKnownFileType = sourcecode.swift; path = GiverHomeVC.swift; sourceTree = "<group>"; };
		BC09E15E28800A3900521F55 /* Main.storyboard */ = {isa = PBXFileReference; lastKnownFileType = file.storyboard; path = Main.storyboard; sourceTree = "<group>"; };
		BC1B89952897A91C00D0DE99 /* cake_complete_animation.mp4 */ = {isa = PBXFileReference; lastKnownFileType = file; name = cake_complete_animation.mp4; path = GiveCake/Resources/Assets.xcassets/cake_complete_animation.dataset/cake_complete_animation.mp4; sourceTree = "<group>"; };
		BC5087E2288276F500A4AD5F /* FeedDetailViewController.swift */ = {isa = PBXFileReference; lastKnownFileType = sourcecode.swift; path = FeedDetailViewController.swift; sourceTree = "<group>"; };
		BC5087E42882771E00A4AD5F /* FeedPresentationController.swift */ = {isa = PBXFileReference; lastKnownFileType = sourcecode.swift; path = FeedPresentationController.swift; sourceTree = "<group>"; };
		BC5087E62882773600A4AD5F /* FeedViewController.swift */ = {isa = PBXFileReference; lastKnownFileType = sourcecode.swift; path = FeedViewController.swift; sourceTree = "<group>"; };
		BC5087E82882776B00A4AD5F /* FeedAnimationTransition.swift */ = {isa = PBXFileReference; lastKnownFileType = sourcecode.swift; path = FeedAnimationTransition.swift; sourceTree = "<group>"; };
		BC5087EA2882778600A4AD5F /* DetailScrollView.swift */ = {isa = PBXFileReference; lastKnownFileType = sourcecode.swift; path = DetailScrollView.swift; sourceTree = "<group>"; };
		BC5087EC288277A000A4AD5F /* FeedTableHeaderView.swift */ = {isa = PBXFileReference; lastKnownFileType = sourcecode.swift; path = FeedTableHeaderView.swift; sourceTree = "<group>"; };
		BC5087EE288277B500A4AD5F /* FeedTableViewCell.swift */ = {isa = PBXFileReference; lastKnownFileType = sourcecode.swift; path = FeedTableViewCell.swift; sourceTree = "<group>"; };
		BC5087F02882790500A4AD5F /* GlobalConstants.swift */ = {isa = PBXFileReference; lastKnownFileType = sourcecode.swift; path = GlobalConstants.swift; sourceTree = "<group>"; };
		BC5087F828827B0D00A4AD5F /* UIViewExtension.swift */ = {isa = PBXFileReference; lastKnownFileType = sourcecode.swift; path = UIViewExtension.swift; sourceTree = "<group>"; };
		BC5087FC2882AD0800A4AD5F /* FeedModel.swift */ = {isa = PBXFileReference; lastKnownFileType = sourcecode.swift; path = FeedModel.swift; sourceTree = "<group>"; };
		BC508807288E580A00A4AD5F /* VerticalAlignLabel.swift */ = {isa = PBXFileReference; lastKnownFileType = sourcecode.swift; path = VerticalAlignLabel.swift; sourceTree = "<group>"; };
		BC508809288E6EEC00A4AD5F /* MainVC.swift */ = {isa = PBXFileReference; lastKnownFileType = sourcecode.swift; path = MainVC.swift; sourceTree = "<group>"; };
		BC50880B288E765300A4AD5F /* TakerLogin.storyboard */ = {isa = PBXFileReference; lastKnownFileType = file.storyboard; path = TakerLogin.storyboard; sourceTree = "<group>"; };
		BC50880D288E766100A4AD5F /* AdminLogin.storyboard */ = {isa = PBXFileReference; lastKnownFileType = file.storyboard; path = AdminLogin.storyboard; sourceTree = "<group>"; };
		BC508815288E783600A4AD5F /* TakerLoginVC.swift */ = {isa = PBXFileReference; lastKnownFileType = sourcecode.swift; path = TakerLoginVC.swift; sourceTree = "<group>"; };
		BC508817288E784500A4AD5F /* AdminLoginVC.swift */ = {isa = PBXFileReference; lastKnownFileType = sourcecode.swift; path = AdminLoginVC.swift; sourceTree = "<group>"; };
		BC50881C288EB03500A4AD5F /* TakerMessage.storyboard */ = {isa = PBXFileReference; lastKnownFileType = file.storyboard; path = TakerMessage.storyboard; sourceTree = "<group>"; };
		BC508820288EB08000A4AD5F /* TakerMessageVC.swift */ = {isa = PBXFileReference; lastKnownFileType = sourcecode.swift; path = TakerMessageVC.swift; sourceTree = "<group>"; };
		BC508824288EBB6C00A4AD5F /* MessageModel.swift */ = {isa = PBXFileReference; lastKnownFileType = sourcecode.swift; path = MessageModel.swift; sourceTree = "<group>"; };
		BC8A6379287FAAF800D7DA7E /* GiveCake.app */ = {isa = PBXFileReference; explicitFileType = wrapper.application; includeInIndex = 0; path = GiveCake.app; sourceTree = BUILT_PRODUCTS_DIR; };
		BC8A637C287FAAF800D7DA7E /* AppDelegate.swift */ = {isa = PBXFileReference; lastKnownFileType = sourcecode.swift; path = AppDelegate.swift; sourceTree = "<group>"; };
		BC8A637E287FAAF800D7DA7E /* SceneDelegate.swift */ = {isa = PBXFileReference; lastKnownFileType = sourcecode.swift; path = SceneDelegate.swift; sourceTree = "<group>"; };
		BC8A6383287FAAF800D7DA7E /* Base */ = {isa = PBXFileReference; lastKnownFileType = file.storyboard; name = Base; path = Base.lproj/GiverTabBar.storyboard; sourceTree = "<group>"; };
		BC8A6385287FAAF900D7DA7E /* Assets.xcassets */ = {isa = PBXFileReference; lastKnownFileType = folder.assetcatalog; path = Assets.xcassets; sourceTree = "<group>"; };
		BC8A6388287FAAF900D7DA7E /* Base */ = {isa = PBXFileReference; lastKnownFileType = file.storyboard; name = Base; path = Base.lproj/LaunchScreen.storyboard; sourceTree = "<group>"; };
		BC8A638A287FAAF900D7DA7E /* Info.plist */ = {isa = PBXFileReference; lastKnownFileType = text.plist.xml; path = Info.plist; sourceTree = "<group>"; };
		BC8A639D287FB05400D7DA7E /* Colors.xcassets */ = {isa = PBXFileReference; lastKnownFileType = folder.assetcatalog; path = Colors.xcassets; sourceTree = "<group>"; };
		BCCE56E7288ED74B00FB6929 /* MessageCell.xib */ = {isa = PBXFileReference; lastKnownFileType = file.xib; path = MessageCell.xib; sourceTree = "<group>"; };
		BCCE56E9288EDA1600FB6929 /* MessageCell.swift */ = {isa = PBXFileReference; lastKnownFileType = sourcecode.swift; path = MessageCell.swift; sourceTree = "<group>"; };
		BCCE56EB288F7C5400FB6929 /* TakerMessageWrite.storyboard */ = {isa = PBXFileReference; lastKnownFileType = file.storyboard; path = TakerMessageWrite.storyboard; sourceTree = "<group>"; };
		BCCE56ED288F8E2700FB6929 /* TakerMessageWriteVC.swift */ = {isa = PBXFileReference; lastKnownFileType = sourcecode.swift; path = TakerMessageWriteVC.swift; sourceTree = "<group>"; };
		BCCE56EF2890094500FB6929 /* AdminMessage.storyboard */ = {isa = PBXFileReference; lastKnownFileType = file.storyboard; path = AdminMessage.storyboard; sourceTree = "<group>"; };
		BCCE56F128900B2900FB6929 /* AdminMessageVC.swift */ = {isa = PBXFileReference; lastKnownFileType = sourcecode.swift; path = AdminMessageVC.swift; sourceTree = "<group>"; };
		BCCE56F32891194000FB6929 /* UIColorExtension.swift */ = {isa = PBXFileReference; lastKnownFileType = sourcecode.swift; path = UIColorExtension.swift; sourceTree = "<group>"; };
		BCCE56F528914AD200FB6929 /* GiverMessage.storyboard */ = {isa = PBXFileReference; lastKnownFileType = file.storyboard; path = GiverMessage.storyboard; sourceTree = "<group>"; };
		BCCE56F728914ADE00FB6929 /* GiverMessageWrite.storyboard */ = {isa = PBXFileReference; lastKnownFileType = file.storyboard; path = GiverMessageWrite.storyboard; sourceTree = "<group>"; };
		BCCE56F92891525D00FB6929 /* StringExtension.swift */ = {isa = PBXFileReference; lastKnownFileType = sourcecode.swift; path = StringExtension.swift; sourceTree = "<group>"; };
		CD41724B2890D60100BA8E9E /* AdminFeed.storyboard */ = {isa = PBXFileReference; lastKnownFileType = file.storyboard; path = AdminFeed.storyboard; sourceTree = "<group>"; };
		CD41724D2890D61200BA8E9E /* AdminTabBar.storyboard */ = {isa = PBXFileReference; lastKnownFileType = file.storyboard; path = AdminTabBar.storyboard; sourceTree = "<group>"; };
		CD4172532890DDD900BA8E9E /* AdminTabBarVC.swift */ = {isa = PBXFileReference; lastKnownFileType = sourcecode.swift; path = AdminTabBarVC.swift; sourceTree = "<group>"; };
		CD4172552890DE9500BA8E9E /* DetailScrollViewAdmin.swift */ = {isa = PBXFileReference; lastKnownFileType = sourcecode.swift; path = DetailScrollViewAdmin.swift; sourceTree = "<group>"; };
		CD4172572890DEA500BA8E9E /* FeedTableHeaderViewAdmin.swift */ = {isa = PBXFileReference; lastKnownFileType = sourcecode.swift; path = FeedTableHeaderViewAdmin.swift; sourceTree = "<group>"; };
		CD4172592890DEB600BA8E9E /* FeedTableViewCellAdmin.swift */ = {isa = PBXFileReference; lastKnownFileType = sourcecode.swift; path = FeedTableViewCellAdmin.swift; sourceTree = "<group>"; };
		CD41725B2890DECB00BA8E9E /* FeedAnimationTransitionAdmin.swift */ = {isa = PBXFileReference; lastKnownFileType = sourcecode.swift; path = FeedAnimationTransitionAdmin.swift; sourceTree = "<group>"; };
		CD41725D2890DEDC00BA8E9E /* FeedDetailViewControllerAdmin.swift */ = {isa = PBXFileReference; lastKnownFileType = sourcecode.swift; path = FeedDetailViewControllerAdmin.swift; sourceTree = "<group>"; };
		CD41725F2890DEF300BA8E9E /* FeedPresentationControllerAdmin.swift */ = {isa = PBXFileReference; lastKnownFileType = sourcecode.swift; path = FeedPresentationControllerAdmin.swift; sourceTree = "<group>"; };
		CD4172612890DF1A00BA8E9E /* FeedViewControllerAdmin.swift */ = {isa = PBXFileReference; lastKnownFileType = sourcecode.swift; path = FeedViewControllerAdmin.swift; sourceTree = "<group>"; };
		CD41727E2899438300BA8E9E /* FeedUploadViewController.swift */ = {isa = PBXFileReference; lastKnownFileType = sourcecode.swift; path = FeedUploadViewController.swift; sourceTree = "<group>"; };
/* End PBXFileReference section */

/* Begin PBXFrameworksBuildPhase section */
		BC8A6376287FAAF800D7DA7E /* Frameworks */ = {
			isa = PBXFrameworksBuildPhase;
			buildActionMask = 2147483647;
			files = (
				9EB9ACA32893AE7200F0FD26 /* FirebaseFirestoreSwift in Frameworks */,
				9EB9AC992892C5DA00F0FD26 /* FirebaseAnalytics in Frameworks */,
				9EB9ACA12893AE7200F0FD26 /* FirebaseFirestore in Frameworks */,
				9EB9359928842AE000A56668 /* CloudKit.framework in Frameworks */,
				9EB9AC9B2892C5DA00F0FD26 /* FirebaseStorage in Frameworks */,
			);
			runOnlyForDeploymentPostprocessing = 0;
		};
/* End PBXFrameworksBuildPhase section */

/* Begin PBXGroup section */
		9EB9359728842AE000A56668 /* Frameworks */ = {
			isa = PBXGroup;
			children = (
				9EB9359828842AE000A56668 /* CloudKit.framework */,
			);
			name = Frameworks;
			sourceTree = "<group>";
		};
		9EB9359A28845ABD00A56668 /* Manager */ = {
			isa = PBXGroup;
			children = (
				9EB9359B28845ACE00A56668 /* CloudKitManager.swift */,
				9E63979228979FED0051FCAE /* FirebaseManager.swift */,
				9E6397982897D92F0051FCAE /* FirebaseStorageManager.swift */,
			);
			path = Manager;
			sourceTree = "<group>";
		};
		9EB9ACA82893C5AC00F0FD26 /* TestGround */ = {
			isa = PBXGroup;
			children = (
				9EB9ACA42893BF9C00F0FD26 /* GiverMessageGround.storyboard */,
				9EB9ACA62893C58500F0FD26 /* GiverMessageGroundVC.swift */,
			);
			path = TestGround;
			sourceTree = "<group>";
		};
		BC5087DE2882743400A4AD5F /* GiverFeedVC */ = {
			isa = PBXGroup;
			children = (
				BC5087E1288276D100A4AD5F /* View */,
				BC5087E0288276CC00A4AD5F /* Model */,
				BC5087DF288276C300A4AD5F /* Controller */,
			);
			path = GiverFeedVC;
			sourceTree = "<group>";
		};
		BC5087DF288276C300A4AD5F /* Controller */ = {
			isa = PBXGroup;
			children = (
				BC5087E2288276F500A4AD5F /* FeedDetailViewController.swift */,
				BC5087E42882771E00A4AD5F /* FeedPresentationController.swift */,
				BC5087E62882773600A4AD5F /* FeedViewController.swift */,
			);
			path = Controller;
			sourceTree = "<group>";
		};
		BC5087E0288276CC00A4AD5F /* Model */ = {
			isa = PBXGroup;
			children = (
				BC5087E82882776B00A4AD5F /* FeedAnimationTransition.swift */,
			);
			path = Model;
			sourceTree = "<group>";
		};
		BC5087E1288276D100A4AD5F /* View */ = {
			isa = PBXGroup;
			children = (
				BC5087EA2882778600A4AD5F /* DetailScrollView.swift */,
				BC5087EC288277A000A4AD5F /* FeedTableHeaderView.swift */,
				BC5087EE288277B500A4AD5F /* FeedTableViewCell.swift */,
			);
			path = View;
			sourceTree = "<group>";
		};
		BC508806288E57DD00A4AD5F /* Components */ = {
			isa = PBXGroup;
			children = (
				BC508807288E580A00A4AD5F /* VerticalAlignLabel.swift */,
			);
			path = Components;
			sourceTree = "<group>";
		};
		BC50880F288E766D00A4AD5F /* Giver */ = {
			isa = PBXGroup;
			children = (
				BC09E140287FF4FA00521F55 /* GiverLogin.storyboard */,
				BC8A6382287FAAF800D7DA7E /* GiverTabBar.storyboard */,
				BC09E142287FF50900521F55 /* GiverHome.storyboard */,
				BC09E144287FF51800521F55 /* GiverFeed.storyboard */,
				BCCE56F528914AD200FB6929 /* GiverMessage.storyboard */,
				BCCE56F728914ADE00FB6929 /* GiverMessageWrite.storyboard */,
			);
			path = Giver;
			sourceTree = "<group>";
		};
		BC508810288E768200A4AD5F /* Taker */ = {
			isa = PBXGroup;
			children = (
				BC50880B288E765300A4AD5F /* TakerLogin.storyboard */,
				BC50881C288EB03500A4AD5F /* TakerMessage.storyboard */,
				BCCE56EB288F7C5400FB6929 /* TakerMessageWrite.storyboard */,
			);
			path = Taker;
			sourceTree = "<group>";
		};
		BC508811288E768800A4AD5F /* Admin */ = {
			isa = PBXGroup;
			children = (
				BC50880D288E766100A4AD5F /* AdminLogin.storyboard */,
				A0519B2C28913513002DF848 /* AdminHome.storyboard */,
				A02344C72893C52800347421 /* AdminHomeSetting.storyboard */,
				CD41724D2890D61200BA8E9E /* AdminTabBar.storyboard */,
				CD41724B2890D60100BA8E9E /* AdminFeed.storyboard */,
				BCCE56EF2890094500FB6929 /* AdminMessage.storyboard */,
			);
			path = Admin;
			sourceTree = "<group>";
		};
		BC508812288E77C600A4AD5F /* Giver */ = {
			isa = PBXGroup;
			children = (
				BC09E156287FFCD900521F55 /* GiverLoginVC.swift */,
				7B35C79D289233420011DDD3 /* GiverMessageVC.swift */,
				7B35C79F289233610011DDD3 /* GiverMessageWriteVC.swift */,
				BC5087DE2882743400A4AD5F /* GiverFeedVC */,
				BC09E154287FFCC200521F55 /* GiverTabBarVC.swift */,
				BC09E158287FFD6200521F55 /* GiverHomeVC.swift */,
				A00D097B2891165A00F72459 /* GiverHomeCompleteVC.swift */,
			);
			path = Giver;
			sourceTree = "<group>";
		};
		BC508813288E77D500A4AD5F /* Taker */ = {
			isa = PBXGroup;
			children = (
				BC508815288E783600A4AD5F /* TakerLoginVC.swift */,
				BC508820288EB08000A4AD5F /* TakerMessageVC.swift */,
				BCCE56ED288F8E2700FB6929 /* TakerMessageWriteVC.swift */,
			);
			path = Taker;
			sourceTree = "<group>";
		};
		BC508814288E77DB00A4AD5F /* Admin */ = {
			isa = PBXGroup;
			children = (
				BC508817288E784500A4AD5F /* AdminLoginVC.swift */,
				CD4172532890DDD900BA8E9E /* AdminTabBarVC.swift */,
				BCCE56F128900B2900FB6929 /* AdminMessageVC.swift */,
				A0519B2E28916C75002DF848 /* AdminHomeVC.swift */,
				A02344C92893C55900347421 /* AdminHomeSettingVC.swift */,
				CD41724F2890DD6E00BA8E9E /* AdminFeedVC */,
			);
			path = Admin;
			sourceTree = "<group>";
		};
		BC8A6370287FAAF800D7DA7E = {
			isa = PBXGroup;
			children = (
				BC1B89952897A91C00D0DE99 /* cake_complete_animation.mp4 */,
				BC8A637B287FAAF800D7DA7E /* GiveCake */,
				BC8A637A287FAAF800D7DA7E /* Products */,
				9EB9359728842AE000A56668 /* Frameworks */,
			);
			sourceTree = "<group>";
		};
		BC8A637A287FAAF800D7DA7E /* Products */ = {
			isa = PBXGroup;
			children = (
				BC8A6379287FAAF800D7DA7E /* GiveCake.app */,
			);
			name = Products;
			sourceTree = "<group>";
		};
		BC8A637B287FAAF800D7DA7E /* GiveCake */ = {
			isa = PBXGroup;
			children = (
				9EB9359628842AA900A56668 /* GiveCake.entitlements */,
				BC8A6394287FAB7000D7DA7E /* Sources */,
				BC8A6393287FAB5E00D7DA7E /* Resources */,
				BC8A638A287FAAF900D7DA7E /* Info.plist */,
				9EB9AC9E28937B7F00F0FD26 /* GoogleService-Info.plist */,
			);
			path = GiveCake;
			sourceTree = "<group>";
		};
		BC8A6392287FAB4C00D7DA7E /* ViewController */ = {
			isa = PBXGroup;
			children = (
				BC508809288E6EEC00A4AD5F /* MainVC.swift */,
				BCCE56E9288EDA1600FB6929 /* MessageCell.swift */,
				BC508812288E77C600A4AD5F /* Giver */,
				BC508813288E77D500A4AD5F /* Taker */,
				BC508814288E77DB00A4AD5F /* Admin */,
			);
			path = ViewController;
			sourceTree = "<group>";
		};
		BC8A6393287FAB5E00D7DA7E /* Resources */ = {
			isa = PBXGroup;
			children = (
				BC8A6385287FAAF900D7DA7E /* Assets.xcassets */,
				BC8A639D287FB05400D7DA7E /* Colors.xcassets */,
			);
			path = Resources;
			sourceTree = "<group>";
		};
		BC8A6394287FAB7000D7DA7E /* Sources */ = {
			isa = PBXGroup;
			children = (
				BC8A6399287FAC3200D7DA7E /* Global */,
				BC8A6396287FAB9900D7DA7E /* Model */,
				BC8A6395287FAB8700D7DA7E /* Screen */,
				BC8A6392287FAB4C00D7DA7E /* ViewController */,
				9EB9ACA82893C5AC00F0FD26 /* TestGround */,
				BC8A637C287FAAF800D7DA7E /* AppDelegate.swift */,
				BC8A637E287FAAF800D7DA7E /* SceneDelegate.swift */,
			);
			path = Sources;
			sourceTree = "<group>";
		};
		BC8A6395287FAB8700D7DA7E /* Screen */ = {
			isa = PBXGroup;
			children = (
				BC8A6387287FAAF900D7DA7E /* LaunchScreen.storyboard */,
				BC09E15E28800A3900521F55 /* Main.storyboard */,
				BCCE56E7288ED74B00FB6929 /* MessageCell.xib */,
				BC50880F288E766D00A4AD5F /* Giver */,
				BC508810288E768200A4AD5F /* Taker */,
				BC508811288E768800A4AD5F /* Admin */,
			);
			path = Screen;
			sourceTree = "<group>";
		};
		BC8A6396287FAB9900D7DA7E /* Model */ = {
			isa = PBXGroup;
			children = (
				BC5087FC2882AD0800A4AD5F /* FeedModel.swift */,
				BC508824288EBB6C00A4AD5F /* MessageModel.swift */,
				9E6397962897AAA50051FCAE /* FirebaseModel.swift */,
			);
			path = Model;
			sourceTree = "<group>";
		};
		BC8A6399287FAC3200D7DA7E /* Global */ = {
			isa = PBXGroup;
			children = (
				BC508806288E57DD00A4AD5F /* Components */,
				9EB9359A28845ABD00A56668 /* Manager */,
				BC8A639A287FAC3700D7DA7E /* Extensions */,
				BC5087F02882790500A4AD5F /* GlobalConstants.swift */,
			);
			path = Global;
			sourceTree = "<group>";
		};
		BC8A639A287FAC3700D7DA7E /* Extensions */ = {
			isa = PBXGroup;
			children = (
				BC5087F828827B0D00A4AD5F /* UIViewExtension.swift */,
				BCCE56F92891525D00FB6929 /* StringExtension.swift */,
				BCCE56F32891194000FB6929 /* UIColorExtension.swift */,
			);
			path = Extensions;
			sourceTree = "<group>";
		};
		CD41724F2890DD6E00BA8E9E /* AdminFeedVC */ = {
			isa = PBXGroup;
			children = (
				CD4172522890DD8B00BA8E9E /* View */,
				CD4172512890DD8800BA8E9E /* Model */,
				CD4172502890DD8400BA8E9E /* Controller */,
			);
			path = AdminFeedVC;
			sourceTree = "<group>";
		};
		CD4172502890DD8400BA8E9E /* Controller */ = {
			isa = PBXGroup;
			children = (
				CD41725D2890DEDC00BA8E9E /* FeedDetailViewControllerAdmin.swift */,
				CD41725F2890DEF300BA8E9E /* FeedPresentationControllerAdmin.swift */,
				CD4172612890DF1A00BA8E9E /* FeedViewControllerAdmin.swift */,
				CD41727E2899438300BA8E9E /* FeedUploadViewController.swift */,
			);
			path = Controller;
			sourceTree = "<group>";
		};
		CD4172512890DD8800BA8E9E /* Model */ = {
			isa = PBXGroup;
			children = (
				CD41725B2890DECB00BA8E9E /* FeedAnimationTransitionAdmin.swift */,
			);
			path = Model;
			sourceTree = "<group>";
		};
		CD4172522890DD8B00BA8E9E /* View */ = {
			isa = PBXGroup;
			children = (
				CD4172552890DE9500BA8E9E /* DetailScrollViewAdmin.swift */,
				CD4172572890DEA500BA8E9E /* FeedTableHeaderViewAdmin.swift */,
				CD4172592890DEB600BA8E9E /* FeedTableViewCellAdmin.swift */,
			);
			path = View;
			sourceTree = "<group>";
		};
/* End PBXGroup section */

/* Begin PBXNativeTarget section */
		BC8A6378287FAAF800D7DA7E /* GiveCake */ = {
			isa = PBXNativeTarget;
			buildConfigurationList = BC8A638D287FAAF900D7DA7E /* Build configuration list for PBXNativeTarget "GiveCake" */;
			buildPhases = (
				BC8A6375287FAAF800D7DA7E /* Sources */,
				BC8A6376287FAAF800D7DA7E /* Frameworks */,
				BC8A6377287FAAF800D7DA7E /* Resources */,
			);
			buildRules = (
			);
			dependencies = (
			);
			name = GiveCake;
			packageProductDependencies = (
				9EB9AC982892C5DA00F0FD26 /* FirebaseAnalytics */,
				9EB9AC9A2892C5DA00F0FD26 /* FirebaseStorage */,
				9EB9ACA02893AE7200F0FD26 /* FirebaseFirestore */,
				9EB9ACA22893AE7200F0FD26 /* FirebaseFirestoreSwift */,
			);
			productName = GiveCake;
			productReference = BC8A6379287FAAF800D7DA7E /* GiveCake.app */;
			productType = "com.apple.product-type.application";
		};
/* End PBXNativeTarget section */

/* Begin PBXProject section */
		BC8A6371287FAAF800D7DA7E /* Project object */ = {
			isa = PBXProject;
			attributes = {
				BuildIndependentTargetsInParallel = 1;
				LastSwiftUpdateCheck = 1330;
				LastUpgradeCheck = 1330;
				TargetAttributes = {
					BC8A6378287FAAF800D7DA7E = {
						CreatedOnToolsVersion = 13.3.1;
					};
				};
			};
			buildConfigurationList = BC8A6374287FAAF800D7DA7E /* Build configuration list for PBXProject "GiveCake" */;
			compatibilityVersion = "Xcode 13.0";
			developmentRegion = en;
			hasScannedForEncodings = 0;
			knownRegions = (
				en,
				Base,
			);
			mainGroup = BC8A6370287FAAF800D7DA7E;
			packageReferences = (
				9EB9AC972892C5DA00F0FD26 /* XCRemoteSwiftPackageReference "firebase-ios-sdk" */,
			);
			productRefGroup = BC8A637A287FAAF800D7DA7E /* Products */;
			projectDirPath = "";
			projectRoot = "";
			targets = (
				BC8A6378287FAAF800D7DA7E /* GiveCake */,
			);
		};
/* End PBXProject section */

/* Begin PBXResourcesBuildPhase section */
		BC8A6377287FAAF800D7DA7E /* Resources */ = {
			isa = PBXResourcesBuildPhase;
			buildActionMask = 2147483647;
			files = (
				BC1B89962897A91C00D0DE99 /* cake_complete_animation.mp4 in Resources */,
				BC8A6389287FAAF900D7DA7E /* LaunchScreen.storyboard in Resources */,
				BC50880E288E766100A4AD5F /* AdminLogin.storyboard in Resources */,
				BC8A639E287FB05400D7DA7E /* Colors.xcassets in Resources */,
				BCCE56E8288ED74B00FB6929 /* MessageCell.xib in Resources */,
				BC50880C288E765300A4AD5F /* TakerLogin.storyboard in Resources */,
				BC09E145287FF51800521F55 /* GiverFeed.storyboard in Resources */,
				BCCE56F02890094500FB6929 /* AdminMessage.storyboard in Resources */,
				CD41724E2890D61200BA8E9E /* AdminTabBar.storyboard in Resources */,
				BCCE56F628914AD200FB6929 /* GiverMessage.storyboard in Resources */,
				A0519B2D28913513002DF848 /* AdminHome.storyboard in Resources */,
				9EB9ACA52893BF9C00F0FD26 /* GiverMessageGround.storyboard in Resources */,
				CD41724C2890D60100BA8E9E /* AdminFeed.storyboard in Resources */,
				BC50881D288EB03500A4AD5F /* TakerMessage.storyboard in Resources */,
				BC8A6386287FAAF900D7DA7E /* Assets.xcassets in Resources */,
				A02344C82893C52800347421 /* AdminHomeSetting.storyboard in Resources */,
				BC09E143287FF50900521F55 /* GiverHome.storyboard in Resources */,
				BCCE56F828914ADE00FB6929 /* GiverMessageWrite.storyboard in Resources */,
				BCCE56EC288F7C5400FB6929 /* TakerMessageWrite.storyboard in Resources */,
				BC09E15F28800A3900521F55 /* Main.storyboard in Resources */,
				BC09E141287FF4FA00521F55 /* GiverLogin.storyboard in Resources */,
				BC8A6384287FAAF800D7DA7E /* GiverTabBar.storyboard in Resources */,
				9EB9AC9F28937B7F00F0FD26 /* GoogleService-Info.plist in Resources */,
			);
			runOnlyForDeploymentPostprocessing = 0;
		};
/* End PBXResourcesBuildPhase section */

/* Begin PBXSourcesBuildPhase section */
		BC8A6375287FAAF800D7DA7E /* Sources */ = {
			isa = PBXSourcesBuildPhase;
			buildActionMask = 2147483647;
			files = (
				9E6397972897AAA50051FCAE /* FirebaseModel.swift in Sources */,
				BC508821288EB08000A4AD5F /* TakerMessageVC.swift in Sources */,
				BCCE56EE288F8E2700FB6929 /* TakerMessageWriteVC.swift in Sources */,
				7B35C7A0289233610011DDD3 /* GiverMessageWriteVC.swift in Sources */,
				BC09E155287FFCC200521F55 /* GiverTabBarVC.swift in Sources */,
				BC5087ED288277A000A4AD5F /* FeedTableHeaderView.swift in Sources */,
				BCCE56F228900B2900FB6929 /* AdminMessageVC.swift in Sources */,
				BC8A637D287FAAF800D7DA7E /* AppDelegate.swift in Sources */,
				BC50880A288E6EEC00A4AD5F /* MainVC.swift in Sources */,
				BC5087F12882790500A4AD5F /* GlobalConstants.swift in Sources */,
				CD4172602890DEF300BA8E9E /* FeedPresentationControllerAdmin.swift in Sources */,
				BC5087EB2882778600A4AD5F /* DetailScrollView.swift in Sources */,
				BCCE56FA2891525D00FB6929 /* StringExtension.swift in Sources */,
				9EB9359C28845ACE00A56668 /* CloudKitManager.swift in Sources */,
				BC5087EF288277B500A4AD5F /* FeedTableViewCell.swift in Sources */,
				7B35C79E289233420011DDD3 /* GiverMessageVC.swift in Sources */,
				9E6397992897D92F0051FCAE /* FirebaseStorageManager.swift in Sources */,
				CD41725E2890DEDC00BA8E9E /* FeedDetailViewControllerAdmin.swift in Sources */,
				A02344CA2893C55900347421 /* AdminHomeSettingVC.swift in Sources */,
				BC5087E3288276F500A4AD5F /* FeedDetailViewController.swift in Sources */,
				CD4172542890DDD900BA8E9E /* AdminTabBarVC.swift in Sources */,
				CD41725A2890DEB600BA8E9E /* FeedTableViewCellAdmin.swift in Sources */,
				BC5087E92882776B00A4AD5F /* FeedAnimationTransition.swift in Sources */,
				BC508825288EBB6C00A4AD5F /* MessageModel.swift in Sources */,
				BC09E159287FFD6200521F55 /* GiverHomeVC.swift in Sources */,
				BC508816288E783600A4AD5F /* TakerLoginVC.swift in Sources */,
				BC5087FD2882AD0800A4AD5F /* FeedModel.swift in Sources */,
				A00D097C2891165A00F72459 /* GiverHomeCompleteVC.swift in Sources */,
				CD41725C2890DECB00BA8E9E /* FeedAnimationTransitionAdmin.swift in Sources */,
				BCCE56EA288EDA1600FB6929 /* MessageCell.swift in Sources */,
				BC5087FD2882AD0800A4AD5F /* FeedModel.swift in Sources */,
				A0519B2F28916C75002DF848 /* AdminHomeVC.swift in Sources */,
				BC09E157287FFCD900521F55 /* GiverLoginVC.swift in Sources */,
				BC5087E72882773600A4AD5F /* FeedViewController.swift in Sources */,
				BC5087F928827B0D00A4AD5F /* UIViewExtension.swift in Sources */,
				BC5087E52882771E00A4AD5F /* FeedPresentationController.swift in Sources */,
				BC8A637F287FAAF800D7DA7E /* SceneDelegate.swift in Sources */,
				BCCE56F42891194100FB6929 /* UIColorExtension.swift in Sources */,
				9EB9ACA72893C58500F0FD26 /* GiverMessageGroundVC.swift in Sources */,
				CD41727F2899438300BA8E9E /* FeedUploadViewController.swift in Sources */,
				CD4172562890DE9500BA8E9E /* DetailScrollViewAdmin.swift in Sources */,
				CD4172582890DEA500BA8E9E /* FeedTableHeaderViewAdmin.swift in Sources */,
				9E63979328979FED0051FCAE /* FirebaseManager.swift in Sources */,
				BC508808288E580A00A4AD5F /* VerticalAlignLabel.swift in Sources */,
				CD4172622890DF1A00BA8E9E /* FeedViewControllerAdmin.swift in Sources */,
				BC508818288E784500A4AD5F /* AdminLoginVC.swift in Sources */,
			);
			runOnlyForDeploymentPostprocessing = 0;
		};
/* End PBXSourcesBuildPhase section */

/* Begin PBXVariantGroup section */
		BC8A6382287FAAF800D7DA7E /* GiverTabBar.storyboard */ = {
			isa = PBXVariantGroup;
			children = (
				BC8A6383287FAAF800D7DA7E /* Base */,
			);
			name = GiverTabBar.storyboard;
			sourceTree = "<group>";
		};
		BC8A6387287FAAF900D7DA7E /* LaunchScreen.storyboard */ = {
			isa = PBXVariantGroup;
			children = (
				BC8A6388287FAAF900D7DA7E /* Base */,
			);
			name = LaunchScreen.storyboard;
			sourceTree = "<group>";
		};
/* End PBXVariantGroup section */

/* Begin XCBuildConfiguration section */
		BC8A638B287FAAF900D7DA7E /* Debug */ = {
			isa = XCBuildConfiguration;
			buildSettings = {
				ALWAYS_SEARCH_USER_PATHS = NO;
				CLANG_ANALYZER_NONNULL = YES;
				CLANG_ANALYZER_NUMBER_OBJECT_CONVERSION = YES_AGGRESSIVE;
				CLANG_CXX_LANGUAGE_STANDARD = "gnu++17";
				CLANG_ENABLE_MODULES = YES;
				CLANG_ENABLE_OBJC_ARC = YES;
				CLANG_ENABLE_OBJC_WEAK = YES;
				CLANG_WARN_BLOCK_CAPTURE_AUTORELEASING = YES;
				CLANG_WARN_BOOL_CONVERSION = YES;
				CLANG_WARN_COMMA = YES;
				CLANG_WARN_CONSTANT_CONVERSION = YES;
				CLANG_WARN_DEPRECATED_OBJC_IMPLEMENTATIONS = YES;
				CLANG_WARN_DIRECT_OBJC_ISA_USAGE = YES_ERROR;
				CLANG_WARN_DOCUMENTATION_COMMENTS = YES;
				CLANG_WARN_EMPTY_BODY = YES;
				CLANG_WARN_ENUM_CONVERSION = YES;
				CLANG_WARN_INFINITE_RECURSION = YES;
				CLANG_WARN_INT_CONVERSION = YES;
				CLANG_WARN_NON_LITERAL_NULL_CONVERSION = YES;
				CLANG_WARN_OBJC_IMPLICIT_RETAIN_SELF = YES;
				CLANG_WARN_OBJC_LITERAL_CONVERSION = YES;
				CLANG_WARN_OBJC_ROOT_CLASS = YES_ERROR;
				CLANG_WARN_QUOTED_INCLUDE_IN_FRAMEWORK_HEADER = YES;
				CLANG_WARN_RANGE_LOOP_ANALYSIS = YES;
				CLANG_WARN_STRICT_PROTOTYPES = YES;
				CLANG_WARN_SUSPICIOUS_MOVE = YES;
				CLANG_WARN_UNGUARDED_AVAILABILITY = YES_AGGRESSIVE;
				CLANG_WARN_UNREACHABLE_CODE = YES;
				CLANG_WARN__DUPLICATE_METHOD_MATCH = YES;
				COPY_PHASE_STRIP = NO;
				DEBUG_INFORMATION_FORMAT = dwarf;
				ENABLE_STRICT_OBJC_MSGSEND = YES;
				ENABLE_TESTABILITY = YES;
				GCC_C_LANGUAGE_STANDARD = gnu11;
				GCC_DYNAMIC_NO_PIC = NO;
				GCC_NO_COMMON_BLOCKS = YES;
				GCC_OPTIMIZATION_LEVEL = 0;
				GCC_PREPROCESSOR_DEFINITIONS = (
					"DEBUG=1",
					"$(inherited)",
				);
				GCC_WARN_64_TO_32_BIT_CONVERSION = YES;
				GCC_WARN_ABOUT_RETURN_TYPE = YES_ERROR;
				GCC_WARN_UNDECLARED_SELECTOR = YES;
				GCC_WARN_UNINITIALIZED_AUTOS = YES_AGGRESSIVE;
				GCC_WARN_UNUSED_FUNCTION = YES;
				GCC_WARN_UNUSED_VARIABLE = YES;
				IPHONEOS_DEPLOYMENT_TARGET = 15.4;
				MTL_ENABLE_DEBUG_INFO = INCLUDE_SOURCE;
				MTL_FAST_MATH = YES;
				ONLY_ACTIVE_ARCH = YES;
				SDKROOT = iphoneos;
				SWIFT_ACTIVE_COMPILATION_CONDITIONS = DEBUG;
				SWIFT_OPTIMIZATION_LEVEL = "-Onone";
			};
			name = Debug;
		};
		BC8A638C287FAAF900D7DA7E /* Release */ = {
			isa = XCBuildConfiguration;
			buildSettings = {
				ALWAYS_SEARCH_USER_PATHS = NO;
				CLANG_ANALYZER_NONNULL = YES;
				CLANG_ANALYZER_NUMBER_OBJECT_CONVERSION = YES_AGGRESSIVE;
				CLANG_CXX_LANGUAGE_STANDARD = "gnu++17";
				CLANG_ENABLE_MODULES = YES;
				CLANG_ENABLE_OBJC_ARC = YES;
				CLANG_ENABLE_OBJC_WEAK = YES;
				CLANG_WARN_BLOCK_CAPTURE_AUTORELEASING = YES;
				CLANG_WARN_BOOL_CONVERSION = YES;
				CLANG_WARN_COMMA = YES;
				CLANG_WARN_CONSTANT_CONVERSION = YES;
				CLANG_WARN_DEPRECATED_OBJC_IMPLEMENTATIONS = YES;
				CLANG_WARN_DIRECT_OBJC_ISA_USAGE = YES_ERROR;
				CLANG_WARN_DOCUMENTATION_COMMENTS = YES;
				CLANG_WARN_EMPTY_BODY = YES;
				CLANG_WARN_ENUM_CONVERSION = YES;
				CLANG_WARN_INFINITE_RECURSION = YES;
				CLANG_WARN_INT_CONVERSION = YES;
				CLANG_WARN_NON_LITERAL_NULL_CONVERSION = YES;
				CLANG_WARN_OBJC_IMPLICIT_RETAIN_SELF = YES;
				CLANG_WARN_OBJC_LITERAL_CONVERSION = YES;
				CLANG_WARN_OBJC_ROOT_CLASS = YES_ERROR;
				CLANG_WARN_QUOTED_INCLUDE_IN_FRAMEWORK_HEADER = YES;
				CLANG_WARN_RANGE_LOOP_ANALYSIS = YES;
				CLANG_WARN_STRICT_PROTOTYPES = YES;
				CLANG_WARN_SUSPICIOUS_MOVE = YES;
				CLANG_WARN_UNGUARDED_AVAILABILITY = YES_AGGRESSIVE;
				CLANG_WARN_UNREACHABLE_CODE = YES;
				CLANG_WARN__DUPLICATE_METHOD_MATCH = YES;
				COPY_PHASE_STRIP = NO;
				DEBUG_INFORMATION_FORMAT = "dwarf-with-dsym";
				ENABLE_NS_ASSERTIONS = NO;
				ENABLE_STRICT_OBJC_MSGSEND = YES;
				GCC_C_LANGUAGE_STANDARD = gnu11;
				GCC_NO_COMMON_BLOCKS = YES;
				GCC_WARN_64_TO_32_BIT_CONVERSION = YES;
				GCC_WARN_ABOUT_RETURN_TYPE = YES_ERROR;
				GCC_WARN_UNDECLARED_SELECTOR = YES;
				GCC_WARN_UNINITIALIZED_AUTOS = YES_AGGRESSIVE;
				GCC_WARN_UNUSED_FUNCTION = YES;
				GCC_WARN_UNUSED_VARIABLE = YES;
				IPHONEOS_DEPLOYMENT_TARGET = 15.4;
				MTL_ENABLE_DEBUG_INFO = NO;
				MTL_FAST_MATH = YES;
				SDKROOT = iphoneos;
				SWIFT_COMPILATION_MODE = wholemodule;
				SWIFT_OPTIMIZATION_LEVEL = "-O";
				VALIDATE_PRODUCT = YES;
			};
			name = Release;
		};
		BC8A638E287FAAF900D7DA7E /* Debug */ = {
			isa = XCBuildConfiguration;
			buildSettings = {
				ASSETCATALOG_COMPILER_APPICON_NAME = AppIcon;
				ASSETCATALOG_COMPILER_GLOBAL_ACCENT_COLOR_NAME = AccentColor;
				CODE_SIGN_ENTITLEMENTS = GiveCake/GiveCake.entitlements;
				CODE_SIGN_IDENTITY = "Apple Development";
				CODE_SIGN_STYLE = Automatic;
				CURRENT_PROJECT_VERSION = 1;
				DEVELOPMENT_TEAM = TD534ZU4RG;
				GENERATE_INFOPLIST_FILE = YES;
				INFOPLIST_FILE = GiveCake/Info.plist;
				INFOPLIST_KEY_NSCameraUsageDescription = "\"사용자의 허용을 요구하는 기능입니다.\"";
				INFOPLIST_KEY_NSPhotoLibraryAddUsageDescription = "\"사용자의 허용을 요구하는 기능입니다.\"";
				INFOPLIST_KEY_NSPhotoLibraryUsageDescription = "\"사용자의 허용을 요구하는 기능입니다.\"";
				INFOPLIST_KEY_UIApplicationSupportsIndirectInputEvents = YES;
				INFOPLIST_KEY_UILaunchStoryboardName = LaunchScreen;
				INFOPLIST_KEY_UIMainStoryboardFile = Main;
				INFOPLIST_KEY_UISupportedInterfaceOrientations_iPad = "UIInterfaceOrientationPortrait UIInterfaceOrientationPortraitUpsideDown UIInterfaceOrientationLandscapeLeft UIInterfaceOrientationLandscapeRight";
				INFOPLIST_KEY_UISupportedInterfaceOrientations_iPhone = "UIInterfaceOrientationPortrait UIInterfaceOrientationLandscapeLeft UIInterfaceOrientationLandscapeRight";
				LD_RUNPATH_SEARCH_PATHS = (
					"$(inherited)",
					"@executable_path/Frameworks",
				);
				MARKETING_VERSION = 1.0;
				PRODUCT_BUNDLE_IDENTIFIER = com.DBAL.GiveCake;
				PRODUCT_NAME = "$(TARGET_NAME)";
				PROVISIONING_PROFILE_SPECIFIER = "";
				SWIFT_EMIT_LOC_STRINGS = YES;
				SWIFT_VERSION = 5.0;
				TARGETED_DEVICE_FAMILY = "1,2";
			};
			name = Debug;
		};
		BC8A638F287FAAF900D7DA7E /* Release */ = {
			isa = XCBuildConfiguration;
			buildSettings = {
				ASSETCATALOG_COMPILER_APPICON_NAME = AppIcon;
				ASSETCATALOG_COMPILER_GLOBAL_ACCENT_COLOR_NAME = AccentColor;
				CODE_SIGN_ENTITLEMENTS = GiveCake/GiveCake.entitlements;
				CODE_SIGN_IDENTITY = "Apple Development";
				CODE_SIGN_STYLE = Automatic;
				CURRENT_PROJECT_VERSION = 1;
				DEVELOPMENT_TEAM = TD534ZU4RG;
				GENERATE_INFOPLIST_FILE = YES;
				INFOPLIST_FILE = GiveCake/Info.plist;
				INFOPLIST_KEY_NSCameraUsageDescription = "\"사용자의 허용을 요구하는 기능입니다.\"";
				INFOPLIST_KEY_NSPhotoLibraryAddUsageDescription = "\"사용자의 허용을 요구하는 기능입니다.\"";
				INFOPLIST_KEY_NSPhotoLibraryUsageDescription = "\"사용자의 허용을 요구하는 기능입니다.\"";
				INFOPLIST_KEY_UIApplicationSupportsIndirectInputEvents = YES;
				INFOPLIST_KEY_UILaunchStoryboardName = LaunchScreen;
				INFOPLIST_KEY_UIMainStoryboardFile = Main;
				INFOPLIST_KEY_UISupportedInterfaceOrientations_iPad = "UIInterfaceOrientationPortrait UIInterfaceOrientationPortraitUpsideDown UIInterfaceOrientationLandscapeLeft UIInterfaceOrientationLandscapeRight";
				INFOPLIST_KEY_UISupportedInterfaceOrientations_iPhone = "UIInterfaceOrientationPortrait UIInterfaceOrientationLandscapeLeft UIInterfaceOrientationLandscapeRight";
				LD_RUNPATH_SEARCH_PATHS = (
					"$(inherited)",
					"@executable_path/Frameworks",
				);
				MARKETING_VERSION = 1.0;
				PRODUCT_BUNDLE_IDENTIFIER = com.DBAL.GiveCake;
				PRODUCT_NAME = "$(TARGET_NAME)";
				PROVISIONING_PROFILE_SPECIFIER = "";
				SWIFT_EMIT_LOC_STRINGS = YES;
				SWIFT_VERSION = 5.0;
				TARGETED_DEVICE_FAMILY = "1,2";
			};
			name = Release;
		};
/* End XCBuildConfiguration section */

/* Begin XCConfigurationList section */
		BC8A6374287FAAF800D7DA7E /* Build configuration list for PBXProject "GiveCake" */ = {
			isa = XCConfigurationList;
			buildConfigurations = (
				BC8A638B287FAAF900D7DA7E /* Debug */,
				BC8A638C287FAAF900D7DA7E /* Release */,
			);
			defaultConfigurationIsVisible = 0;
			defaultConfigurationName = Release;
		};
		BC8A638D287FAAF900D7DA7E /* Build configuration list for PBXNativeTarget "GiveCake" */ = {
			isa = XCConfigurationList;
			buildConfigurations = (
				BC8A638E287FAAF900D7DA7E /* Debug */,
				BC8A638F287FAAF900D7DA7E /* Release */,
			);
			defaultConfigurationIsVisible = 0;
			defaultConfigurationName = Release;
		};
/* End XCConfigurationList section */

/* Begin XCRemoteSwiftPackageReference section */
		9EB9AC972892C5DA00F0FD26 /* XCRemoteSwiftPackageReference "firebase-ios-sdk" */ = {
			isa = XCRemoteSwiftPackageReference;
			repositoryURL = "https://github.com/firebase/firebase-ios-sdk";
			requirement = {
				kind = upToNextMajorVersion;
				minimumVersion = 9.0.0;
			};
		};
/* End XCRemoteSwiftPackageReference section */

/* Begin XCSwiftPackageProductDependency section */
		9EB9AC982892C5DA00F0FD26 /* FirebaseAnalytics */ = {
			isa = XCSwiftPackageProductDependency;
			package = 9EB9AC972892C5DA00F0FD26 /* XCRemoteSwiftPackageReference "firebase-ios-sdk" */;
			productName = FirebaseAnalytics;
		};
		9EB9AC9A2892C5DA00F0FD26 /* FirebaseStorage */ = {
			isa = XCSwiftPackageProductDependency;
			package = 9EB9AC972892C5DA00F0FD26 /* XCRemoteSwiftPackageReference "firebase-ios-sdk" */;
			productName = FirebaseStorage;
		};
		9EB9ACA02893AE7200F0FD26 /* FirebaseFirestore */ = {
			isa = XCSwiftPackageProductDependency;
			package = 9EB9AC972892C5DA00F0FD26 /* XCRemoteSwiftPackageReference "firebase-ios-sdk" */;
			productName = FirebaseFirestore;
		};
		9EB9ACA22893AE7200F0FD26 /* FirebaseFirestoreSwift */ = {
			isa = XCSwiftPackageProductDependency;
			package = 9EB9AC972892C5DA00F0FD26 /* XCRemoteSwiftPackageReference "firebase-ios-sdk" */;
			productName = FirebaseFirestoreSwift;
		};
/* End XCSwiftPackageProductDependency section */
	};
	rootObject = BC8A6371287FAAF800D7DA7E /* Project object */;
}
