// !$*UTF8*$!
{
	archiveVersion = 1;
	classes = {
	};
	objectVersion = 55;
	objects = {

/* Begin PBXBuildFile section */
		BC8A634F287FA40D00D7DA7E /* AppDelegate.swift in Sources */ = {isa = PBXBuildFile; fileRef = BC8A634E287FA40D00D7DA7E /* AppDelegate.swift */; };
		BC8A6351287FA40D00D7DA7E /* SceneDelegate.swift in Sources */ = {isa = PBXBuildFile; fileRef = BC8A6350287FA40D00D7DA7E /* SceneDelegate.swift */; };
		BC8A6353287FA40D00D7DA7E /* ViewController.swift in Sources */ = {isa = PBXBuildFile; fileRef = BC8A6352287FA40D00D7DA7E /* ViewController.swift */; };
		BC8A6356287FA40D00D7DA7E /* Main.storyboard in Resources */ = {isa = PBXBuildFile; fileRef = BC8A6354287FA40D00D7DA7E /* Main.storyboard */; };
		BC8A6358287FA40E00D7DA7E /* Assets.xcassets in Resources */ = {isa = PBXBuildFile; fileRef = BC8A6357287FA40E00D7DA7E /* Assets.xcassets */; };
		BC8A635B287FA40E00D7DA7E /* LaunchScreen.storyboard in Resources */ = {isa = PBXBuildFile; fileRef = BC8A6359287FA40E00D7DA7E /* LaunchScreen.storyboard */; };
		BC8A6365287FA43F00D7DA7E /* Colors.xcassets in Resources */ = {isa = PBXBuildFile; fileRef = BC8A6364287FA43F00D7DA7E /* Colors.xcassets */; };
/* End PBXBuildFile section */

/* Begin PBXFileReference section */
		BC8A634B287FA40D00D7DA7E /* GiveCake.app */ = {isa = PBXFileReference; explicitFileType = wrapper.application; includeInIndex = 0; path = GiveCake.app; sourceTree = BUILT_PRODUCTS_DIR; };
		BC8A634E287FA40D00D7DA7E /* AppDelegate.swift */ = {isa = PBXFileReference; lastKnownFileType = sourcecode.swift; path = AppDelegate.swift; sourceTree = "<group>"; };
		BC8A6350287FA40D00D7DA7E /* SceneDelegate.swift */ = {isa = PBXFileReference; lastKnownFileType = sourcecode.swift; path = SceneDelegate.swift; sourceTree = "<group>"; };
		BC8A6352287FA40D00D7DA7E /* ViewController.swift */ = {isa = PBXFileReference; lastKnownFileType = sourcecode.swift; path = ViewController.swift; sourceTree = "<group>"; };
		BC8A6355287FA40D00D7DA7E /* Base */ = {isa = PBXFileReference; lastKnownFileType = file.storyboard; name = Base; path = Base.lproj/Main.storyboard; sourceTree = "<group>"; };
		BC8A6357287FA40E00D7DA7E /* Assets.xcassets */ = {isa = PBXFileReference; lastKnownFileType = folder.assetcatalog; path = Assets.xcassets; sourceTree = "<group>"; };
		BC8A635A287FA40E00D7DA7E /* Base */ = {isa = PBXFileReference; lastKnownFileType = file.storyboard; name = Base; path = Base.lproj/LaunchScreen.storyboard; sourceTree = "<group>"; };
		BC8A635C287FA40E00D7DA7E /* Info.plist */ = {isa = PBXFileReference; lastKnownFileType = text.plist.xml; path = Info.plist; sourceTree = "<group>"; };
		BC8A6364287FA43F00D7DA7E /* Colors.xcassets */ = {isa = PBXFileReference; lastKnownFileType = folder.assetcatalog; path = Colors.xcassets; sourceTree = "<group>"; };
/* End PBXFileReference section */

/* Begin PBXFrameworksBuildPhase section */
		BC8A6348287FA40D00D7DA7E /* Frameworks */ = {
			isa = PBXFrameworksBuildPhase;
			buildActionMask = 2147483647;
			files = (
			);
			runOnlyForDeploymentPostprocessing = 0;
		};
/* End PBXFrameworksBuildPhase section */

/* Begin PBXGroup section */
		BC8A6342287FA40D00D7DA7E = {
			isa = PBXGroup;
			children = (
				BC8A634D287FA40D00D7DA7E /* GiveCake */,
				BC8A634C287FA40D00D7DA7E /* Products */,
			);
			sourceTree = "<group>";
		};
		BC8A634C287FA40D00D7DA7E /* Products */ = {
			isa = PBXGroup;
			children = (
				BC8A634B287FA40D00D7DA7E /* GiveCake.app */,
			);
			name = Products;
			sourceTree = "<group>";
		};
		BC8A634D287FA40D00D7DA7E /* GiveCake */ = {
			isa = PBXGroup;
			children = (
				BC8A6362287FA41B00D7DA7E /* Sources */,
				BC8A6363287FA42500D7DA7E /* Resources */,
				BC8A635C287FA40E00D7DA7E /* Info.plist */,
			);
			path = GiveCake;
			sourceTree = "<group>";
		};
		BC8A6362287FA41B00D7DA7E /* Sources */ = {
			isa = PBXGroup;
			children = (
				BC8A6369287FA4E100D7DA7E /* Global */,
				BC8A6368287FA46D00D7DA7E /* Screen */,
				BC8A6367287FA46700D7DA7E /* Model */,
				BC8A6366287FA45800D7DA7E /* ViewController */,
				BC8A6350287FA40D00D7DA7E /* SceneDelegate.swift */,
				BC8A634E287FA40D00D7DA7E /* AppDelegate.swift */,
			);
			path = Sources;
			sourceTree = "<group>";
		};
		BC8A6363287FA42500D7DA7E /* Resources */ = {
			isa = PBXGroup;
			children = (
				BC8A6357287FA40E00D7DA7E /* Assets.xcassets */,
				BC8A6364287FA43F00D7DA7E /* Colors.xcassets */,
			);
			path = Resources;
			sourceTree = "<group>";
		};
		BC8A6366287FA45800D7DA7E /* ViewController */ = {
			isa = PBXGroup;
			children = (
				BC8A6352287FA40D00D7DA7E /* ViewController.swift */,
			);
			path = ViewController;
			sourceTree = "<group>";
		};
		BC8A6367287FA46700D7DA7E /* Model */ = {
			isa = PBXGroup;
			children = (
			);
			path = Model;
			sourceTree = "<group>";
		};
		BC8A6368287FA46D00D7DA7E /* Screen */ = {
			isa = PBXGroup;
			children = (
				BC8A6354287FA40D00D7DA7E /* Main.storyboard */,
				BC8A6359287FA40E00D7DA7E /* LaunchScreen.storyboard */,
			);
			path = Screen;
			sourceTree = "<group>";
		};
		BC8A6369287FA4E100D7DA7E /* Global */ = {
			isa = PBXGroup;
			children = (
			);
			path = Global;
			sourceTree = "<group>";
		};
/* End PBXGroup section */

/* Begin PBXNativeTarget section */
		BC8A634A287FA40D00D7DA7E /* GiveCake */ = {
			isa = PBXNativeTarget;
			buildConfigurationList = BC8A635F287FA40E00D7DA7E /* Build configuration list for PBXNativeTarget "GiveCake" */;
			buildPhases = (
				BC8A6347287FA40D00D7DA7E /* Sources */,
				BC8A6348287FA40D00D7DA7E /* Frameworks */,
				BC8A6349287FA40D00D7DA7E /* Resources */,
			);
			buildRules = (
			);
			dependencies = (
			);
			name = GiveCake;
			productName = GiveCake;
			productReference = BC8A634B287FA40D00D7DA7E /* GiveCake.app */;
			productType = "com.apple.product-type.application";
		};
/* End PBXNativeTarget section */

/* Begin PBXProject section */
		BC8A6343287FA40D00D7DA7E /* Project object */ = {
			isa = PBXProject;
			attributes = {
				BuildIndependentTargetsInParallel = 1;
				LastSwiftUpdateCheck = 1330;
				LastUpgradeCheck = 1330;
				TargetAttributes = {
					BC8A634A287FA40D00D7DA7E = {
						CreatedOnToolsVersion = 13.3.1;
					};
				};
			};
			buildConfigurationList = BC8A6346287FA40D00D7DA7E /* Build configuration list for PBXProject "GiveCake" */;
			compatibilityVersion = "Xcode 13.0";
			developmentRegion = en;
			hasScannedForEncodings = 0;
			knownRegions = (
				en,
				Base,
			);
			mainGroup = BC8A6342287FA40D00D7DA7E;
			productRefGroup = BC8A634C287FA40D00D7DA7E /* Products */;
			projectDirPath = "";
			projectRoot = "";
			targets = (
				BC8A634A287FA40D00D7DA7E /* GiveCake */,
			);
		};
/* End PBXProject section */

/* Begin PBXResourcesBuildPhase section */
		BC8A6349287FA40D00D7DA7E /* Resources */ = {
			isa = PBXResourcesBuildPhase;
			buildActionMask = 2147483647;
			files = (
				BC8A635B287FA40E00D7DA7E /* LaunchScreen.storyboard in Resources */,
				BC8A6365287FA43F00D7DA7E /* Colors.xcassets in Resources */,
				BC8A6358287FA40E00D7DA7E /* Assets.xcassets in Resources */,
				BC8A6356287FA40D00D7DA7E /* Main.storyboard in Resources */,
			);
			runOnlyForDeploymentPostprocessing = 0;
		};
/* End PBXResourcesBuildPhase section */

/* Begin PBXSourcesBuildPhase section */
		BC8A6347287FA40D00D7DA7E /* Sources */ = {
			isa = PBXSourcesBuildPhase;
			buildActionMask = 2147483647;
			files = (
				BC8A6353287FA40D00D7DA7E /* ViewController.swift in Sources */,
				BC8A634F287FA40D00D7DA7E /* AppDelegate.swift in Sources */,
				BC8A6351287FA40D00D7DA7E /* SceneDelegate.swift in Sources */,
			);
			runOnlyForDeploymentPostprocessing = 0;
		};
/* End PBXSourcesBuildPhase section */

/* Begin PBXVariantGroup section */
		BC8A6354287FA40D00D7DA7E /* Main.storyboard */ = {
			isa = PBXVariantGroup;
			children = (
				BC8A6355287FA40D00D7DA7E /* Base */,
			);
			name = Main.storyboard;
			sourceTree = "<group>";
		};
		BC8A6359287FA40E00D7DA7E /* LaunchScreen.storyboard */ = {
			isa = PBXVariantGroup;
			children = (
				BC8A635A287FA40E00D7DA7E /* Base */,
			);
			name = LaunchScreen.storyboard;
			sourceTree = "<group>";
		};
/* End PBXVariantGroup section */

/* Begin XCBuildConfiguration section */
		BC8A635D287FA40E00D7DA7E /* Debug */ = {
			isa = XCBuildConfiguration;
			buildSettings = {
				ALWAYS_SEARCH_USER_PATHS = NO;
				CLANG_ANALYZER_NONNULL = YES;
				CLANG_ANALYZER_NUMBER_OBJECT_CONVERSION = YES_AGGRESSIVE;
				CLANG_CXX_LANGUAGE_STANDARD = "gnu++17";
				CLANG_ENABLE_MODULES = YES;
				CLANG_ENABLE_OBJC_ARC = YES;
				CLANG_ENABLE_OBJC_WEAK = YES;
				CLANG_WARN_BLOCK_CAPTURE_AUTORELEASING = YES;
				CLANG_WARN_BOOL_CONVERSION = YES;
				CLANG_WARN_COMMA = YES;
				CLANG_WARN_CONSTANT_CONVERSION = YES;
				CLANG_WARN_DEPRECATED_OBJC_IMPLEMENTATIONS = YES;
				CLANG_WARN_DIRECT_OBJC_ISA_USAGE = YES_ERROR;
				CLANG_WARN_DOCUMENTATION_COMMENTS = YES;
				CLANG_WARN_EMPTY_BODY = YES;
				CLANG_WARN_ENUM_CONVERSION = YES;
				CLANG_WARN_INFINITE_RECURSION = YES;
				CLANG_WARN_INT_CONVERSION = YES;
				CLANG_WARN_NON_LITERAL_NULL_CONVERSION = YES;
				CLANG_WARN_OBJC_IMPLICIT_RETAIN_SELF = YES;
				CLANG_WARN_OBJC_LITERAL_CONVERSION = YES;
				CLANG_WARN_OBJC_ROOT_CLASS = YES_ERROR;
				CLANG_WARN_QUOTED_INCLUDE_IN_FRAMEWORK_HEADER = YES;
				CLANG_WARN_RANGE_LOOP_ANALYSIS = YES;
				CLANG_WARN_STRICT_PROTOTYPES = YES;
				CLANG_WARN_SUSPICIOUS_MOVE = YES;
				CLANG_WARN_UNGUARDED_AVAILABILITY = YES_AGGRESSIVE;
				CLANG_WARN_UNREACHABLE_CODE = YES;
				CLANG_WARN__DUPLICATE_METHOD_MATCH = YES;
				COPY_PHASE_STRIP = NO;
				DEBUG_INFORMATION_FORMAT = dwarf;
				ENABLE_STRICT_OBJC_MSGSEND = YES;
				ENABLE_TESTABILITY = YES;
				GCC_C_LANGUAGE_STANDARD = gnu11;
				GCC_DYNAMIC_NO_PIC = NO;
				GCC_NO_COMMON_BLOCKS = YES;
				GCC_OPTIMIZATION_LEVEL = 0;
				GCC_PREPROCESSOR_DEFINITIONS = (
					"DEBUG=1",
					"$(inherited)",
				);
				GCC_WARN_64_TO_32_BIT_CONVERSION = YES;
				GCC_WARN_ABOUT_RETURN_TYPE = YES_ERROR;
				GCC_WARN_UNDECLARED_SELECTOR = YES;
				GCC_WARN_UNINITIALIZED_AUTOS = YES_AGGRESSIVE;
				GCC_WARN_UNUSED_FUNCTION = YES;
				GCC_WARN_UNUSED_VARIABLE = YES;
				IPHONEOS_DEPLOYMENT_TARGET = 15.4;
				MTL_ENABLE_DEBUG_INFO = INCLUDE_SOURCE;
				MTL_FAST_MATH = YES;
				ONLY_ACTIVE_ARCH = YES;
				SDKROOT = iphoneos;
				SWIFT_ACTIVE_COMPILATION_CONDITIONS = DEBUG;
				SWIFT_OPTIMIZATION_LEVEL = "-Onone";
			};
			name = Debug;
		};
		BC8A635E287FA40E00D7DA7E /* Release */ = {
			isa = XCBuildConfiguration;
			buildSettings = {
				ALWAYS_SEARCH_USER_PATHS = NO;
				CLANG_ANALYZER_NONNULL = YES;
				CLANG_ANALYZER_NUMBER_OBJECT_CONVERSION = YES_AGGRESSIVE;
				CLANG_CXX_LANGUAGE_STANDARD = "gnu++17";
				CLANG_ENABLE_MODULES = YES;
				CLANG_ENABLE_OBJC_ARC = YES;
				CLANG_ENABLE_OBJC_WEAK = YES;
				CLANG_WARN_BLOCK_CAPTURE_AUTORELEASING = YES;
				CLANG_WARN_BOOL_CONVERSION = YES;
				CLANG_WARN_COMMA = YES;
				CLANG_WARN_CONSTANT_CONVERSION = YES;
				CLANG_WARN_DEPRECATED_OBJC_IMPLEMENTATIONS = YES;
				CLANG_WARN_DIRECT_OBJC_ISA_USAGE = YES_ERROR;
				CLANG_WARN_DOCUMENTATION_COMMENTS = YES;
				CLANG_WARN_EMPTY_BODY = YES;
				CLANG_WARN_ENUM_CONVERSION = YES;
				CLANG_WARN_INFINITE_RECURSION = YES;
				CLANG_WARN_INT_CONVERSION = YES;
				CLANG_WARN_NON_LITERAL_NULL_CONVERSION = YES;
				CLANG_WARN_OBJC_IMPLICIT_RETAIN_SELF = YES;
				CLANG_WARN_OBJC_LITERAL_CONVERSION = YES;
				CLANG_WARN_OBJC_ROOT_CLASS = YES_ERROR;
				CLANG_WARN_QUOTED_INCLUDE_IN_FRAMEWORK_HEADER = YES;
				CLANG_WARN_RANGE_LOOP_ANALYSIS = YES;
				CLANG_WARN_STRICT_PROTOTYPES = YES;
				CLANG_WARN_SUSPICIOUS_MOVE = YES;
				CLANG_WARN_UNGUARDED_AVAILABILITY = YES_AGGRESSIVE;
				CLANG_WARN_UNREACHABLE_CODE = YES;
				CLANG_WARN__DUPLICATE_METHOD_MATCH = YES;
				COPY_PHASE_STRIP = NO;
				DEBUG_INFORMATION_FORMAT = "dwarf-with-dsym";
				ENABLE_NS_ASSERTIONS = NO;
				ENABLE_STRICT_OBJC_MSGSEND = YES;
				GCC_C_LANGUAGE_STANDARD = gnu11;
				GCC_NO_COMMON_BLOCKS = YES;
				GCC_WARN_64_TO_32_BIT_CONVERSION = YES;
				GCC_WARN_ABOUT_RETURN_TYPE = YES_ERROR;
				GCC_WARN_UNDECLARED_SELECTOR = YES;
				GCC_WARN_UNINITIALIZED_AUTOS = YES_AGGRESSIVE;
				GCC_WARN_UNUSED_FUNCTION = YES;
				GCC_WARN_UNUSED_VARIABLE = YES;
				IPHONEOS_DEPLOYMENT_TARGET = 15.4;
				MTL_ENABLE_DEBUG_INFO = NO;
				MTL_FAST_MATH = YES;
				SDKROOT = iphoneos;
				SWIFT_COMPILATION_MODE = wholemodule;
				SWIFT_OPTIMIZATION_LEVEL = "-O";
				VALIDATE_PRODUCT = YES;
			};
			name = Release;
		};
		BC8A6360287FA40E00D7DA7E /* Debug */ = {
			isa = XCBuildConfiguration;
			buildSettings = {
				ASSETCATALOG_COMPILER_APPICON_NAME = AppIcon;
				ASSETCATALOG_COMPILER_GLOBAL_ACCENT_COLOR_NAME = AccentColor;
				CODE_SIGN_STYLE = Automatic;
				CURRENT_PROJECT_VERSION = 1;
				DEVELOPMENT_TEAM = 664P5JW26B;
				GENERATE_INFOPLIST_FILE = YES;
				INFOPLIST_FILE = GiveCake/Info.plist;
				INFOPLIST_KEY_UIApplicationSupportsIndirectInputEvents = YES;
				INFOPLIST_KEY_UILaunchStoryboardName = LaunchScreen;
				INFOPLIST_KEY_UIMainStoryboardFile = Main;
				INFOPLIST_KEY_UISupportedInterfaceOrientations_iPad = "UIInterfaceOrientationPortrait UIInterfaceOrientationPortraitUpsideDown UIInterfaceOrientationLandscapeLeft UIInterfaceOrientationLandscapeRight";
				INFOPLIST_KEY_UISupportedInterfaceOrientations_iPhone = "UIInterfaceOrientationPortrait UIInterfaceOrientationLandscapeLeft UIInterfaceOrientationLandscapeRight";
				LD_RUNPATH_SEARCH_PATHS = (
					"$(inherited)",
					"@executable_path/Frameworks",
				);
				MARKETING_VERSION = 1.0;
				PRODUCT_BUNDLE_IDENTIFIER = com.DBAL.GiveCake;
				PRODUCT_NAME = "$(TARGET_NAME)";
				SWIFT_EMIT_LOC_STRINGS = YES;
				SWIFT_VERSION = 5.0;
				TARGETED_DEVICE_FAMILY = "1,2";
			};
			name = Debug;
		};
		BC8A6361287FA40E00D7DA7E /* Release */ = {
			isa = XCBuildConfiguration;
			buildSettings = {
				ASSETCATALOG_COMPILER_APPICON_NAME = AppIcon;
				ASSETCATALOG_COMPILER_GLOBAL_ACCENT_COLOR_NAME = AccentColor;
				CODE_SIGN_STYLE = Automatic;
				CURRENT_PROJECT_VERSION = 1;
				DEVELOPMENT_TEAM = 664P5JW26B;
				GENERATE_INFOPLIST_FILE = YES;
				INFOPLIST_FILE = GiveCake/Info.plist;
				INFOPLIST_KEY_UIApplicationSupportsIndirectInputEvents = YES;
				INFOPLIST_KEY_UILaunchStoryboardName = LaunchScreen;
				INFOPLIST_KEY_UIMainStoryboardFile = Main;
				INFOPLIST_KEY_UISupportedInterfaceOrientations_iPad = "UIInterfaceOrientationPortrait UIInterfaceOrientationPortraitUpsideDown UIInterfaceOrientationLandscapeLeft UIInterfaceOrientationLandscapeRight";
				INFOPLIST_KEY_UISupportedInterfaceOrientations_iPhone = "UIInterfaceOrientationPortrait UIInterfaceOrientationLandscapeLeft UIInterfaceOrientationLandscapeRight";
				LD_RUNPATH_SEARCH_PATHS = (
					"$(inherited)",
					"@executable_path/Frameworks",
				);
				MARKETING_VERSION = 1.0;
				PRODUCT_BUNDLE_IDENTIFIER = com.DBAL.GiveCake;
				PRODUCT_NAME = "$(TARGET_NAME)";
				SWIFT_EMIT_LOC_STRINGS = YES;
				SWIFT_VERSION = 5.0;
				TARGETED_DEVICE_FAMILY = "1,2";
			};
			name = Release;
		};
/* End XCBuildConfiguration section */

/* Begin XCConfigurationList section */
		BC8A6346287FA40D00D7DA7E /* Build configuration list for PBXProject "GiveCake" */ = {
			isa = XCConfigurationList;
			buildConfigurations = (
				BC8A635D287FA40E00D7DA7E /* Debug */,
				BC8A635E287FA40E00D7DA7E /* Release */,
			);
			defaultConfigurationIsVisible = 0;
			defaultConfigurationName = Release;
		};
		BC8A635F287FA40E00D7DA7E /* Build configuration list for PBXNativeTarget "GiveCake" */ = {
			isa = XCConfigurationList;
			buildConfigurations = (
				BC8A6360287FA40E00D7DA7E /* Debug */,
				BC8A6361287FA40E00D7DA7E /* Release */,
			);
			defaultConfigurationIsVisible = 0;
			defaultConfigurationName = Release;
		};
/* End XCConfigurationList section */
	};
	rootObject = BC8A6343287FA40D00D7DA7E /* Project object */;
}
