// !$*UTF8*$!
{
	archiveVersion = 1;
	classes = {
	};
	objectVersion = 55;
	objects = {

/* Begin PBXBuildFile section */
		9EB935882883E0A400A56668 /* GiverMesssageWriteVC.swift in Sources */ = {isa = PBXBuildFile; fileRef = 9EB935872883E0A400A56668 /* GiverMesssageWriteVC.swift */; };
		9EB9358A2883E0CD00A56668 /* GiverMessageReceiveVC.swift in Sources */ = {isa = PBXBuildFile; fileRef = 9EB935892883E0CD00A56668 /* GiverMessageReceiveVC.swift */; };
		9EB9358C2883E38E00A56668 /* GiverMessageTableVC.swift in Sources */ = {isa = PBXBuildFile; fileRef = 9EB9358B2883E38E00A56668 /* GiverMessageTableVC.swift */; };
		9EB9358F2883E6BE00A56668 /* GiverMessageDummyModel.swift in Sources */ = {isa = PBXBuildFile; fileRef = 9EB9358E2883E6BE00A56668 /* GiverMessageDummyModel.swift */; };
		9EB935922883EF9E00A56668 /* GiverMessageTableViewCell.swift in Sources */ = {isa = PBXBuildFile; fileRef = 9EB935912883EF9E00A56668 /* GiverMessageTableViewCell.swift */; };
		9EB9359928842AE000A56668 /* CloudKit.framework in Frameworks */ = {isa = PBXBuildFile; fileRef = 9EB9359828842AE000A56668 /* CloudKit.framework */; };
		BC09E141287FF4FA00521F55 /* GiverLogin.storyboard in Resources */ = {isa = PBXBuildFile; fileRef = BC09E140287FF4FA00521F55 /* GiverLogin.storyboard */; };
		BC09E143287FF50900521F55 /* GiverHome.storyboard in Resources */ = {isa = PBXBuildFile; fileRef = BC09E142287FF50900521F55 /* GiverHome.storyboard */; };
		BC09E145287FF51800521F55 /* GiverFeed.storyboard in Resources */ = {isa = PBXBuildFile; fileRef = BC09E144287FF51800521F55 /* GiverFeed.storyboard */; };
		BC09E149287FF5E900521F55 /* GiverMessage.storyboard in Resources */ = {isa = PBXBuildFile; fileRef = BC09E148287FF5E900521F55 /* GiverMessage.storyboard */; };
		BC09E155287FFCC200521F55 /* GiverTabBarVC.swift in Sources */ = {isa = PBXBuildFile; fileRef = BC09E154287FFCC200521F55 /* GiverTabBarVC.swift */; };
		BC09E157287FFCD900521F55 /* GiverLoginVC.swift in Sources */ = {isa = PBXBuildFile; fileRef = BC09E156287FFCD900521F55 /* GiverLoginVC.swift */; };
		BC09E159287FFD6200521F55 /* GiverHomeVC.swift in Sources */ = {isa = PBXBuildFile; fileRef = BC09E158287FFD6200521F55 /* GiverHomeVC.swift */; };
		BC09E15F28800A3900521F55 /* Main.storyboard in Resources */ = {isa = PBXBuildFile; fileRef = BC09E15E28800A3900521F55 /* Main.storyboard */; };
		BC5087E3288276F500A4AD5F /* FeedDetailViewController.swift in Sources */ = {isa = PBXBuildFile; fileRef = BC5087E2288276F500A4AD5F /* FeedDetailViewController.swift */; };
		BC5087E52882771E00A4AD5F /* FeedPresentationController.swift in Sources */ = {isa = PBXBuildFile; fileRef = BC5087E42882771E00A4AD5F /* FeedPresentationController.swift */; };
		BC5087E72882773600A4AD5F /* FeedViewController.swift in Sources */ = {isa = PBXBuildFile; fileRef = BC5087E62882773600A4AD5F /* FeedViewController.swift */; };
		BC5087E92882776B00A4AD5F /* FeedAnimationTransition.swift in Sources */ = {isa = PBXBuildFile; fileRef = BC5087E82882776B00A4AD5F /* FeedAnimationTransition.swift */; };
		BC5087EB2882778600A4AD5F /* DetailScrollView.swift in Sources */ = {isa = PBXBuildFile; fileRef = BC5087EA2882778600A4AD5F /* DetailScrollView.swift */; };
		BC5087ED288277A000A4AD5F /* FeedTableHeaderView.swift in Sources */ = {isa = PBXBuildFile; fileRef = BC5087EC288277A000A4AD5F /* FeedTableHeaderView.swift */; };
		BC5087EF288277B500A4AD5F /* FeedTableViewCell.swift in Sources */ = {isa = PBXBuildFile; fileRef = BC5087EE288277B500A4AD5F /* FeedTableViewCell.swift */; };
		BC5087F12882790500A4AD5F /* GlobalConstants.swift in Sources */ = {isa = PBXBuildFile; fileRef = BC5087F02882790500A4AD5F /* GlobalConstants.swift */; };
		BC5087F728827AAA00A4AD5F /* StringExtension.swift in Sources */ = {isa = PBXBuildFile; fileRef = BC5087F628827AAA00A4AD5F /* StringExtension.swift */; };
		BC5087F928827B0D00A4AD5F /* UIViewExtension.swift in Sources */ = {isa = PBXBuildFile; fileRef = BC5087F828827B0D00A4AD5F /* UIViewExtension.swift */; };
		BC5087FD2882AD0800A4AD5F /* GiverFeedModel.swift in Sources */ = {isa = PBXBuildFile; fileRef = BC5087FC2882AD0800A4AD5F /* GiverFeedModel.swift */; };
		BC8A637D287FAAF800D7DA7E /* AppDelegate.swift in Sources */ = {isa = PBXBuildFile; fileRef = BC8A637C287FAAF800D7DA7E /* AppDelegate.swift */; };
		BC8A637F287FAAF800D7DA7E /* SceneDelegate.swift in Sources */ = {isa = PBXBuildFile; fileRef = BC8A637E287FAAF800D7DA7E /* SceneDelegate.swift */; };
		BC8A6384287FAAF800D7DA7E /* GiverTabBar.storyboard in Resources */ = {isa = PBXBuildFile; fileRef = BC8A6382287FAAF800D7DA7E /* GiverTabBar.storyboard */; };
		BC8A6386287FAAF900D7DA7E /* Assets.xcassets in Resources */ = {isa = PBXBuildFile; fileRef = BC8A6385287FAAF900D7DA7E /* Assets.xcassets */; };
		BC8A6389287FAAF900D7DA7E /* LaunchScreen.storyboard in Resources */ = {isa = PBXBuildFile; fileRef = BC8A6387287FAAF900D7DA7E /* LaunchScreen.storyboard */; };
		BC8A639E287FB05400D7DA7E /* Colors.xcassets in Resources */ = {isa = PBXBuildFile; fileRef = BC8A639D287FB05400D7DA7E /* Colors.xcassets */; };
/* End PBXBuildFile section */

/* Begin PBXFileReference section */
		9EB935872883E0A400A56668 /* GiverMesssageWriteVC.swift */ = {isa = PBXFileReference; lastKnownFileType = sourcecode.swift; name = GiverMesssageWriteVC.swift; path = GiveCake/Sources/ViewController/GiverMessageVC/Controller/GiverMesssageWriteVC.swift; sourceTree = SOURCE_ROOT; };
		9EB935892883E0CD00A56668 /* GiverMessageReceiveVC.swift */ = {isa = PBXFileReference; lastKnownFileType = sourcecode.swift; path = GiverMessageReceiveVC.swift; sourceTree = "<group>"; };
		9EB9358B2883E38E00A56668 /* GiverMessageTableVC.swift */ = {isa = PBXFileReference; lastKnownFileType = sourcecode.swift; name = GiverMessageTableVC.swift; path = GiveCake/Sources/ViewController/GiverMessageVC/Controller/GiverMessageTableVC.swift; sourceTree = SOURCE_ROOT; };
		9EB9358E2883E6BE00A56668 /* GiverMessageDummyModel.swift */ = {isa = PBXFileReference; lastKnownFileType = sourcecode.swift; path = GiverMessageDummyModel.swift; sourceTree = "<group>"; };
		9EB935912883EF9E00A56668 /* GiverMessageTableViewCell.swift */ = {isa = PBXFileReference; lastKnownFileType = sourcecode.swift; name = GiverMessageTableViewCell.swift; path = GiveCake/Sources/ViewController/GiverMessageVC/View/GiverMessageTableViewCell.swift; sourceTree = SOURCE_ROOT; };
		9EB9359628842AA900A56668 /* GiveCake.entitlements */ = {isa = PBXFileReference; lastKnownFileType = text.plist.entitlements; path = GiveCake.entitlements; sourceTree = "<group>"; };
		9EB9359828842AE000A56668 /* CloudKit.framework */ = {isa = PBXFileReference; lastKnownFileType = wrapper.framework; name = CloudKit.framework; path = System/Library/Frameworks/CloudKit.framework; sourceTree = SDKROOT; };
		BC09E140287FF4FA00521F55 /* GiverLogin.storyboard */ = {isa = PBXFileReference; lastKnownFileType = file.storyboard; path = GiverLogin.storyboard; sourceTree = "<group>"; };
		BC09E142287FF50900521F55 /* GiverHome.storyboard */ = {isa = PBXFileReference; lastKnownFileType = file.storyboard; path = GiverHome.storyboard; sourceTree = "<group>"; };
		BC09E144287FF51800521F55 /* GiverFeed.storyboard */ = {isa = PBXFileReference; lastKnownFileType = file.storyboard; path = GiverFeed.storyboard; sourceTree = "<group>"; };
		BC09E148287FF5E900521F55 /* GiverMessage.storyboard */ = {isa = PBXFileReference; lastKnownFileType = file.storyboard; path = GiverMessage.storyboard; sourceTree = "<group>"; };
		BC09E154287FFCC200521F55 /* GiverTabBarVC.swift */ = {isa = PBXFileReference; lastKnownFileType = sourcecode.swift; path = GiverTabBarVC.swift; sourceTree = "<group>"; };
		BC09E156287FFCD900521F55 /* GiverLoginVC.swift */ = {isa = PBXFileReference; lastKnownFileType = sourcecode.swift; path = GiverLoginVC.swift; sourceTree = "<group>"; };
		BC09E158287FFD6200521F55 /* GiverHomeVC.swift */ = {isa = PBXFileReference; lastKnownFileType = sourcecode.swift; path = GiverHomeVC.swift; sourceTree = "<group>"; };
		BC09E15E28800A3900521F55 /* Main.storyboard */ = {isa = PBXFileReference; lastKnownFileType = file.storyboard; path = Main.storyboard; sourceTree = "<group>"; };
		BC5087E2288276F500A4AD5F /* FeedDetailViewController.swift */ = {isa = PBXFileReference; lastKnownFileType = sourcecode.swift; path = FeedDetailViewController.swift; sourceTree = "<group>"; };
		BC5087E42882771E00A4AD5F /* FeedPresentationController.swift */ = {isa = PBXFileReference; lastKnownFileType = sourcecode.swift; path = FeedPresentationController.swift; sourceTree = "<group>"; };
		BC5087E62882773600A4AD5F /* FeedViewController.swift */ = {isa = PBXFileReference; lastKnownFileType = sourcecode.swift; path = FeedViewController.swift; sourceTree = "<group>"; };
		BC5087E82882776B00A4AD5F /* FeedAnimationTransition.swift */ = {isa = PBXFileReference; lastKnownFileType = sourcecode.swift; path = FeedAnimationTransition.swift; sourceTree = "<group>"; };
		BC5087EA2882778600A4AD5F /* DetailScrollView.swift */ = {isa = PBXFileReference; lastKnownFileType = sourcecode.swift; path = DetailScrollView.swift; sourceTree = "<group>"; };
		BC5087EC288277A000A4AD5F /* FeedTableHeaderView.swift */ = {isa = PBXFileReference; lastKnownFileType = sourcecode.swift; path = FeedTableHeaderView.swift; sourceTree = "<group>"; };
		BC5087EE288277B500A4AD5F /* FeedTableViewCell.swift */ = {isa = PBXFileReference; lastKnownFileType = sourcecode.swift; path = FeedTableViewCell.swift; sourceTree = "<group>"; };
		BC5087F02882790500A4AD5F /* GlobalConstants.swift */ = {isa = PBXFileReference; lastKnownFileType = sourcecode.swift; path = GlobalConstants.swift; sourceTree = "<group>"; };
		BC5087F628827AAA00A4AD5F /* StringExtension.swift */ = {isa = PBXFileReference; lastKnownFileType = sourcecode.swift; path = StringExtension.swift; sourceTree = "<group>"; };
		BC5087F828827B0D00A4AD5F /* UIViewExtension.swift */ = {isa = PBXFileReference; lastKnownFileType = sourcecode.swift; path = UIViewExtension.swift; sourceTree = "<group>"; };
		BC5087FC2882AD0800A4AD5F /* GiverFeedModel.swift */ = {isa = PBXFileReference; lastKnownFileType = sourcecode.swift; path = GiverFeedModel.swift; sourceTree = "<group>"; };
		BC8A6379287FAAF800D7DA7E /* GiveCake.app */ = {isa = PBXFileReference; explicitFileType = wrapper.application; includeInIndex = 0; path = GiveCake.app; sourceTree = BUILT_PRODUCTS_DIR; };
		BC8A637C287FAAF800D7DA7E /* AppDelegate.swift */ = {isa = PBXFileReference; lastKnownFileType = sourcecode.swift; path = AppDelegate.swift; sourceTree = "<group>"; };
		BC8A637E287FAAF800D7DA7E /* SceneDelegate.swift */ = {isa = PBXFileReference; lastKnownFileType = sourcecode.swift; path = SceneDelegate.swift; sourceTree = "<group>"; };
		BC8A6383287FAAF800D7DA7E /* Base */ = {isa = PBXFileReference; lastKnownFileType = file.storyboard; name = Base; path = Base.lproj/GiverTabBar.storyboard; sourceTree = "<group>"; };
		BC8A6385287FAAF900D7DA7E /* Assets.xcassets */ = {isa = PBXFileReference; lastKnownFileType = folder.assetcatalog; path = Assets.xcassets; sourceTree = "<group>"; };
		BC8A6388287FAAF900D7DA7E /* Base */ = {isa = PBXFileReference; lastKnownFileType = file.storyboard; name = Base; path = Base.lproj/LaunchScreen.storyboard; sourceTree = "<group>"; };
		BC8A638A287FAAF900D7DA7E /* Info.plist */ = {isa = PBXFileReference; lastKnownFileType = text.plist.xml; path = Info.plist; sourceTree = "<group>"; };
		BC8A639D287FB05400D7DA7E /* Colors.xcassets */ = {isa = PBXFileReference; lastKnownFileType = folder.assetcatalog; path = Colors.xcassets; sourceTree = "<group>"; };
/* End PBXFileReference section */

/* Begin PBXFrameworksBuildPhase section */
		BC8A6376287FAAF800D7DA7E /* Frameworks */ = {
			isa = PBXFrameworksBuildPhase;
			buildActionMask = 2147483647;
			files = (
				9EB9359928842AE000A56668 /* CloudKit.framework in Frameworks */,
			);
			runOnlyForDeploymentPostprocessing = 0;
		};
/* End PBXFrameworksBuildPhase section */

/* Begin PBXGroup section */
		9EB935862883E03800A56668 /* GiverMessageVC */ = {
			isa = PBXGroup;
			children = (
				9EB9358D2883E6A000A56668 /* DummyModel */,
				9EB935932883EFAA00A56668 /* View */,
				9EB935902883EADF00A56668 /* Controller */,
			);
			path = GiverMessageVC;
			sourceTree = "<group>";
		};
		9EB9358D2883E6A000A56668 /* DummyModel */ = {
			isa = PBXGroup;
			children = (
				9EB9358E2883E6BE00A56668 /* GiverMessageDummyModel.swift */,
			);
			path = DummyModel;
			sourceTree = "<group>";
		};
		9EB935902883EADF00A56668 /* Controller */ = {
			isa = PBXGroup;
			children = (
				9EB9358B2883E38E00A56668 /* GiverMessageTableVC.swift */,
				9EB935872883E0A400A56668 /* GiverMesssageWriteVC.swift */,
				9EB935892883E0CD00A56668 /* GiverMessageReceiveVC.swift */,
			);
			path = Controller;
			sourceTree = "<group>";
		};
		9EB935932883EFAA00A56668 /* View */ = {
			isa = PBXGroup;
			children = (
				9EB935912883EF9E00A56668 /* GiverMessageTableViewCell.swift */,
			);
			path = View;
			sourceTree = "<group>";
		};
		9EB9359728842AE000A56668 /* Frameworks */ = {
			isa = PBXGroup;
			children = (
				9EB9359828842AE000A56668 /* CloudKit.framework */,
			);
			name = Frameworks;
			sourceTree = "<group>";
		};
		BC5087DE2882743400A4AD5F /* GiverFeedVC */ = {
			isa = PBXGroup;
			children = (
				BC5087E1288276D100A4AD5F /* View */,
				BC5087E0288276CC00A4AD5F /* Model */,
				BC5087DF288276C300A4AD5F /* Controller */,
			);
			path = GiverFeedVC;
			sourceTree = "<group>";
		};
		BC5087DF288276C300A4AD5F /* Controller */ = {
			isa = PBXGroup;
			children = (
				BC5087E2288276F500A4AD5F /* FeedDetailViewController.swift */,
				BC5087E42882771E00A4AD5F /* FeedPresentationController.swift */,
				BC5087E62882773600A4AD5F /* FeedViewController.swift */,
			);
			path = Controller;
			sourceTree = "<group>";
		};
		BC5087E0288276CC00A4AD5F /* Model */ = {
			isa = PBXGroup;
			children = (
				BC5087E82882776B00A4AD5F /* FeedAnimationTransition.swift */,
			);
			path = Model;
			sourceTree = "<group>";
		};
		BC5087E1288276D100A4AD5F /* View */ = {
			isa = PBXGroup;
			children = (
				BC5087EA2882778600A4AD5F /* DetailScrollView.swift */,
				BC5087EC288277A000A4AD5F /* FeedTableHeaderView.swift */,
				BC5087EE288277B500A4AD5F /* FeedTableViewCell.swift */,
			);
			path = View;
			sourceTree = "<group>";
		};
		BC8A6370287FAAF800D7DA7E = {
			isa = PBXGroup;
			children = (
				BC8A637B287FAAF800D7DA7E /* GiveCake */,
				BC8A637A287FAAF800D7DA7E /* Products */,
				9EB9359728842AE000A56668 /* Frameworks */,
			);
			sourceTree = "<group>";
		};
		BC8A637A287FAAF800D7DA7E /* Products */ = {
			isa = PBXGroup;
			children = (
				BC8A6379287FAAF800D7DA7E /* GiveCake.app */,
			);
			name = Products;
			sourceTree = "<group>";
		};
		BC8A637B287FAAF800D7DA7E /* GiveCake */ = {
			isa = PBXGroup;
			children = (
				9EB9359628842AA900A56668 /* GiveCake.entitlements */,
				BC8A6394287FAB7000D7DA7E /* Sources */,
				BC8A6393287FAB5E00D7DA7E /* Resources */,
				BC8A638A287FAAF900D7DA7E /* Info.plist */,
			);
			path = GiveCake;
			sourceTree = "<group>";
		};
		BC8A6392287FAB4C00D7DA7E /* ViewController */ = {
			isa = PBXGroup;
			children = (
				BC5087DE2882743400A4AD5F /* GiverFeedVC */,
				BC09E156287FFCD900521F55 /* GiverLoginVC.swift */,
				BC09E154287FFCC200521F55 /* GiverTabBarVC.swift */,
				BC09E158287FFD6200521F55 /* GiverHomeVC.swift */,
				9EB935862883E03800A56668 /* GiverMessageVC */,
			);
			path = ViewController;
			sourceTree = "<group>";
		};
		BC8A6393287FAB5E00D7DA7E /* Resources */ = {
			isa = PBXGroup;
			children = (
				BC8A6385287FAAF900D7DA7E /* Assets.xcassets */,
				BC8A639D287FB05400D7DA7E /* Colors.xcassets */,
			);
			path = Resources;
			sourceTree = "<group>";
		};
		BC8A6394287FAB7000D7DA7E /* Sources */ = {
			isa = PBXGroup;
			children = (
				BC8A6399287FAC3200D7DA7E /* Global */,
				BC8A6396287FAB9900D7DA7E /* Model */,
				BC8A6395287FAB8700D7DA7E /* Screen */,
				BC8A6392287FAB4C00D7DA7E /* ViewController */,
				BC8A637C287FAAF800D7DA7E /* AppDelegate.swift */,
				BC8A637E287FAAF800D7DA7E /* SceneDelegate.swift */,
			);
			path = Sources;
			sourceTree = "<group>";
		};
		BC8A6395287FAB8700D7DA7E /* Screen */ = {
			isa = PBXGroup;
			children = (
				BC8A6387287FAAF900D7DA7E /* LaunchScreen.storyboard */,
				BC09E15E28800A3900521F55 /* Main.storyboard */,
				BC09E140287FF4FA00521F55 /* GiverLogin.storyboard */,
				BC8A6382287FAAF800D7DA7E /* GiverTabBar.storyboard */,
				BC09E142287FF50900521F55 /* GiverHome.storyboard */,
				BC09E144287FF51800521F55 /* GiverFeed.storyboard */,
				BC09E148287FF5E900521F55 /* GiverMessage.storyboard */,
			);
			path = Screen;
			sourceTree = "<group>";
		};
		BC8A6396287FAB9900D7DA7E /* Model */ = {
			isa = PBXGroup;
			children = (
				BC5087FC2882AD0800A4AD5F /* GiverFeedModel.swift */,
			);
			path = Model;
			sourceTree = "<group>";
		};
		BC8A6399287FAC3200D7DA7E /* Global */ = {
			isa = PBXGroup;
			children = (
				BC8A639A287FAC3700D7DA7E /* Extensions */,
				BC5087F02882790500A4AD5F /* GlobalConstants.swift */,
			);
			path = Global;
			sourceTree = "<group>";
		};
		BC8A639A287FAC3700D7DA7E /* Extensions */ = {
			isa = PBXGroup;
			children = (
				BC5087F628827AAA00A4AD5F /* StringExtension.swift */,
				BC5087F828827B0D00A4AD5F /* UIViewExtension.swift */,
			);
			path = Extensions;
			sourceTree = "<group>";
		};
/* End PBXGroup section */

/* Begin PBXNativeTarget section */
		BC8A6378287FAAF800D7DA7E /* GiveCake */ = {
			isa = PBXNativeTarget;
			buildConfigurationList = BC8A638D287FAAF900D7DA7E /* Build configuration list for PBXNativeTarget "GiveCake" */;
			buildPhases = (
				BC8A6375287FAAF800D7DA7E /* Sources */,
				BC8A6376287FAAF800D7DA7E /* Frameworks */,
				BC8A6377287FAAF800D7DA7E /* Resources */,
			);
			buildRules = (
			);
			dependencies = (
			);
			name = GiveCake;
			productName = GiveCake;
			productReference = BC8A6379287FAAF800D7DA7E /* GiveCake.app */;
			productType = "com.apple.product-type.application";
		};
/* End PBXNativeTarget section */

/* Begin PBXProject section */
		BC8A6371287FAAF800D7DA7E /* Project object */ = {
			isa = PBXProject;
			attributes = {
				BuildIndependentTargetsInParallel = 1;
				LastSwiftUpdateCheck = 1330;
				LastUpgradeCheck = 1330;
				TargetAttributes = {
					BC8A6378287FAAF800D7DA7E = {
						CreatedOnToolsVersion = 13.3.1;
					};
				};
			};
			buildConfigurationList = BC8A6374287FAAF800D7DA7E /* Build configuration list for PBXProject "GiveCake" */;
			compatibilityVersion = "Xcode 13.0";
			developmentRegion = en;
			hasScannedForEncodings = 0;
			knownRegions = (
				en,
				Base,
			);
			mainGroup = BC8A6370287FAAF800D7DA7E;
			productRefGroup = BC8A637A287FAAF800D7DA7E /* Products */;
			projectDirPath = "";
			projectRoot = "";
			targets = (
				BC8A6378287FAAF800D7DA7E /* GiveCake */,
			);
		};
/* End PBXProject section */

/* Begin PBXResourcesBuildPhase section */
		BC8A6377287FAAF800D7DA7E /* Resources */ = {
			isa = PBXResourcesBuildPhase;
			buildActionMask = 2147483647;
			files = (
				BC8A6389287FAAF900D7DA7E /* LaunchScreen.storyboard in Resources */,
				BC8A639E287FB05400D7DA7E /* Colors.xcassets in Resources */,
				BC09E145287FF51800521F55 /* GiverFeed.storyboard in Resources */,
				BC09E149287FF5E900521F55 /* GiverMessage.storyboard in Resources */,
				BC8A6386287FAAF900D7DA7E /* Assets.xcassets in Resources */,
				BC09E143287FF50900521F55 /* GiverHome.storyboard in Resources */,
				BC09E15F28800A3900521F55 /* Main.storyboard in Resources */,
				BC09E141287FF4FA00521F55 /* GiverLogin.storyboard in Resources */,
				BC8A6384287FAAF800D7DA7E /* GiverTabBar.storyboard in Resources */,
			);
			runOnlyForDeploymentPostprocessing = 0;
		};
/* End PBXResourcesBuildPhase section */

/* Begin PBXSourcesBuildPhase section */
		BC8A6375287FAAF800D7DA7E /* Sources */ = {
			isa = PBXSourcesBuildPhase;
			buildActionMask = 2147483647;
			files = (
				BC09E155287FFCC200521F55 /* GiverTabBarVC.swift in Sources */,
				BC5087ED288277A000A4AD5F /* FeedTableHeaderView.swift in Sources */,
				BC8A637D287FAAF800D7DA7E /* AppDelegate.swift in Sources */,
				BC5087F12882790500A4AD5F /* GlobalConstants.swift in Sources */,
				9EB935882883E0A400A56668 /* GiverMesssageWriteVC.swift in Sources */,
				BC5087EB2882778600A4AD5F /* DetailScrollView.swift in Sources */,
				9EB935922883EF9E00A56668 /* GiverMessageTableViewCell.swift in Sources */,
				BC5087EF288277B500A4AD5F /* FeedTableViewCell.swift in Sources */,
				BC5087E3288276F500A4AD5F /* FeedDetailViewController.swift in Sources */,
				BC5087F728827AAA00A4AD5F /* StringExtension.swift in Sources */,
				BC5087E92882776B00A4AD5F /* FeedAnimationTransition.swift in Sources */,
				BC09E159287FFD6200521F55 /* GiverHomeVC.swift in Sources */,
				9EB9358F2883E6BE00A56668 /* GiverMessageDummyModel.swift in Sources */,
				BC5087FD2882AD0800A4AD5F /* GiverFeedModel.swift in Sources */,
				BC09E157287FFCD900521F55 /* GiverLoginVC.swift in Sources */,
				BC5087E72882773600A4AD5F /* FeedViewController.swift in Sources */,
				BC5087F928827B0D00A4AD5F /* UIViewExtension.swift in Sources */,
				9EB9358C2883E38E00A56668 /* GiverMessageTableVC.swift in Sources */,
				BC5087E52882771E00A4AD5F /* FeedPresentationController.swift in Sources */,
				BC8A637F287FAAF800D7DA7E /* SceneDelegate.swift in Sources */,
				9EB9358A2883E0CD00A56668 /* GiverMessageReceiveVC.swift in Sources */,
			);
			runOnlyForDeploymentPostprocessing = 0;
		};
/* End PBXSourcesBuildPhase section */

/* Begin PBXVariantGroup section */
		BC8A6382287FAAF800D7DA7E /* GiverTabBar.storyboard */ = {
			isa = PBXVariantGroup;
			children = (
				BC8A6383287FAAF800D7DA7E /* Base */,
			);
			name = GiverTabBar.storyboard;
			sourceTree = "<group>";
		};
		BC8A6387287FAAF900D7DA7E /* LaunchScreen.storyboard */ = {
			isa = PBXVariantGroup;
			children = (
				BC8A6388287FAAF900D7DA7E /* Base */,
			);
			name = LaunchScreen.storyboard;
			sourceTree = "<group>";
		};
/* End PBXVariantGroup section */

/* Begin XCBuildConfiguration section */
		BC8A638B287FAAF900D7DA7E /* Debug */ = {
			isa = XCBuildConfiguration;
			buildSettings = {
				ALWAYS_SEARCH_USER_PATHS = NO;
				CLANG_ANALYZER_NONNULL = YES;
				CLANG_ANALYZER_NUMBER_OBJECT_CONVERSION = YES_AGGRESSIVE;
				CLANG_CXX_LANGUAGE_STANDARD = "gnu++17";
				CLANG_ENABLE_MODULES = YES;
				CLANG_ENABLE_OBJC_ARC = YES;
				CLANG_ENABLE_OBJC_WEAK = YES;
				CLANG_WARN_BLOCK_CAPTURE_AUTORELEASING = YES;
				CLANG_WARN_BOOL_CONVERSION = YES;
				CLANG_WARN_COMMA = YES;
				CLANG_WARN_CONSTANT_CONVERSION = YES;
				CLANG_WARN_DEPRECATED_OBJC_IMPLEMENTATIONS = YES;
				CLANG_WARN_DIRECT_OBJC_ISA_USAGE = YES_ERROR;
				CLANG_WARN_DOCUMENTATION_COMMENTS = YES;
				CLANG_WARN_EMPTY_BODY = YES;
				CLANG_WARN_ENUM_CONVERSION = YES;
				CLANG_WARN_INFINITE_RECURSION = YES;
				CLANG_WARN_INT_CONVERSION = YES;
				CLANG_WARN_NON_LITERAL_NULL_CONVERSION = YES;
				CLANG_WARN_OBJC_IMPLICIT_RETAIN_SELF = YES;
				CLANG_WARN_OBJC_LITERAL_CONVERSION = YES;
				CLANG_WARN_OBJC_ROOT_CLASS = YES_ERROR;
				CLANG_WARN_QUOTED_INCLUDE_IN_FRAMEWORK_HEADER = YES;
				CLANG_WARN_RANGE_LOOP_ANALYSIS = YES;
				CLANG_WARN_STRICT_PROTOTYPES = YES;
				CLANG_WARN_SUSPICIOUS_MOVE = YES;
				CLANG_WARN_UNGUARDED_AVAILABILITY = YES_AGGRESSIVE;
				CLANG_WARN_UNREACHABLE_CODE = YES;
				CLANG_WARN__DUPLICATE_METHOD_MATCH = YES;
				COPY_PHASE_STRIP = NO;
				DEBUG_INFORMATION_FORMAT = dwarf;
				ENABLE_STRICT_OBJC_MSGSEND = YES;
				ENABLE_TESTABILITY = YES;
				GCC_C_LANGUAGE_STANDARD = gnu11;
				GCC_DYNAMIC_NO_PIC = NO;
				GCC_NO_COMMON_BLOCKS = YES;
				GCC_OPTIMIZATION_LEVEL = 0;
				GCC_PREPROCESSOR_DEFINITIONS = (
					"DEBUG=1",
					"$(inherited)",
				);
				GCC_WARN_64_TO_32_BIT_CONVERSION = YES;
				GCC_WARN_ABOUT_RETURN_TYPE = YES_ERROR;
				GCC_WARN_UNDECLARED_SELECTOR = YES;
				GCC_WARN_UNINITIALIZED_AUTOS = YES_AGGRESSIVE;
				GCC_WARN_UNUSED_FUNCTION = YES;
				GCC_WARN_UNUSED_VARIABLE = YES;
				IPHONEOS_DEPLOYMENT_TARGET = 15.4;
				MTL_ENABLE_DEBUG_INFO = INCLUDE_SOURCE;
				MTL_FAST_MATH = YES;
				ONLY_ACTIVE_ARCH = YES;
				SDKROOT = iphoneos;
				SWIFT_ACTIVE_COMPILATION_CONDITIONS = DEBUG;
				SWIFT_OPTIMIZATION_LEVEL = "-Onone";
			};
			name = Debug;
		};
		BC8A638C287FAAF900D7DA7E /* Release */ = {
			isa = XCBuildConfiguration;
			buildSettings = {
				ALWAYS_SEARCH_USER_PATHS = NO;
				CLANG_ANALYZER_NONNULL = YES;
				CLANG_ANALYZER_NUMBER_OBJECT_CONVERSION = YES_AGGRESSIVE;
				CLANG_CXX_LANGUAGE_STANDARD = "gnu++17";
				CLANG_ENABLE_MODULES = YES;
				CLANG_ENABLE_OBJC_ARC = YES;
				CLANG_ENABLE_OBJC_WEAK = YES;
				CLANG_WARN_BLOCK_CAPTURE_AUTORELEASING = YES;
				CLANG_WARN_BOOL_CONVERSION = YES;
				CLANG_WARN_COMMA = YES;
				CLANG_WARN_CONSTANT_CONVERSION = YES;
				CLANG_WARN_DEPRECATED_OBJC_IMPLEMENTATIONS = YES;
				CLANG_WARN_DIRECT_OBJC_ISA_USAGE = YES_ERROR;
				CLANG_WARN_DOCUMENTATION_COMMENTS = YES;
				CLANG_WARN_EMPTY_BODY = YES;
				CLANG_WARN_ENUM_CONVERSION = YES;
				CLANG_WARN_INFINITE_RECURSION = YES;
				CLANG_WARN_INT_CONVERSION = YES;
				CLANG_WARN_NON_LITERAL_NULL_CONVERSION = YES;
				CLANG_WARN_OBJC_IMPLICIT_RETAIN_SELF = YES;
				CLANG_WARN_OBJC_LITERAL_CONVERSION = YES;
				CLANG_WARN_OBJC_ROOT_CLASS = YES_ERROR;
				CLANG_WARN_QUOTED_INCLUDE_IN_FRAMEWORK_HEADER = YES;
				CLANG_WARN_RANGE_LOOP_ANALYSIS = YES;
				CLANG_WARN_STRICT_PROTOTYPES = YES;
				CLANG_WARN_SUSPICIOUS_MOVE = YES;
				CLANG_WARN_UNGUARDED_AVAILABILITY = YES_AGGRESSIVE;
				CLANG_WARN_UNREACHABLE_CODE = YES;
				CLANG_WARN__DUPLICATE_METHOD_MATCH = YES;
				COPY_PHASE_STRIP = NO;
				DEBUG_INFORMATION_FORMAT = "dwarf-with-dsym";
				ENABLE_NS_ASSERTIONS = NO;
				ENABLE_STRICT_OBJC_MSGSEND = YES;
				GCC_C_LANGUAGE_STANDARD = gnu11;
				GCC_NO_COMMON_BLOCKS = YES;
				GCC_WARN_64_TO_32_BIT_CONVERSION = YES;
				GCC_WARN_ABOUT_RETURN_TYPE = YES_ERROR;
				GCC_WARN_UNDECLARED_SELECTOR = YES;
				GCC_WARN_UNINITIALIZED_AUTOS = YES_AGGRESSIVE;
				GCC_WARN_UNUSED_FUNCTION = YES;
				GCC_WARN_UNUSED_VARIABLE = YES;
				IPHONEOS_DEPLOYMENT_TARGET = 15.4;
				MTL_ENABLE_DEBUG_INFO = NO;
				MTL_FAST_MATH = YES;
				SDKROOT = iphoneos;
				SWIFT_COMPILATION_MODE = wholemodule;
				SWIFT_OPTIMIZATION_LEVEL = "-O";
				VALIDATE_PRODUCT = YES;
			};
			name = Release;
		};
		BC8A638E287FAAF900D7DA7E /* Debug */ = {
			isa = XCBuildConfiguration;
			buildSettings = {
				ASSETCATALOG_COMPILER_APPICON_NAME = AppIcon;
				ASSETCATALOG_COMPILER_GLOBAL_ACCENT_COLOR_NAME = AccentColor;
				CODE_SIGN_ENTITLEMENTS = GiveCake/GiveCake.entitlements;
				CODE_SIGN_IDENTITY = "Apple Development";
				CODE_SIGN_STYLE = Automatic;
				CURRENT_PROJECT_VERSION = 1;
				DEVELOPMENT_TEAM = TD534ZU4RG;
				GENERATE_INFOPLIST_FILE = YES;
				INFOPLIST_FILE = GiveCake/Info.plist;
				INFOPLIST_KEY_UIApplicationSupportsIndirectInputEvents = YES;
				INFOPLIST_KEY_UILaunchStoryboardName = LaunchScreen;
				INFOPLIST_KEY_UIMainStoryboardFile = Main;
				INFOPLIST_KEY_UISupportedInterfaceOrientations_iPad = "UIInterfaceOrientationPortrait UIInterfaceOrientationPortraitUpsideDown UIInterfaceOrientationLandscapeLeft UIInterfaceOrientationLandscapeRight";
				INFOPLIST_KEY_UISupportedInterfaceOrientations_iPhone = "UIInterfaceOrientationPortrait UIInterfaceOrientationLandscapeLeft UIInterfaceOrientationLandscapeRight";
				LD_RUNPATH_SEARCH_PATHS = (
					"$(inherited)",
					"@executable_path/Frameworks",
				);
				MARKETING_VERSION = 1.0;
				PRODUCT_BUNDLE_IDENTIFIER = com.DBAL.GiveCake;
				PRODUCT_NAME = "$(TARGET_NAME)";
				PROVISIONING_PROFILE_SPECIFIER = "";
				SWIFT_EMIT_LOC_STRINGS = YES;
				SWIFT_VERSION = 5.0;
				TARGETED_DEVICE_FAMILY = "1,2";
			};
			name = Debug;
		};
		BC8A638F287FAAF900D7DA7E /* Release */ = {
			isa = XCBuildConfiguration;
			buildSettings = {
				ASSETCATALOG_COMPILER_APPICON_NAME = AppIcon;
				ASSETCATALOG_COMPILER_GLOBAL_ACCENT_COLOR_NAME = AccentColor;
				CODE_SIGN_ENTITLEMENTS = GiveCake/GiveCake.entitlements;
				CODE_SIGN_IDENTITY = "Apple Development";
				CODE_SIGN_STYLE = Automatic;
				CURRENT_PROJECT_VERSION = 1;
				DEVELOPMENT_TEAM = TD534ZU4RG;
				GENERATE_INFOPLIST_FILE = YES;
				INFOPLIST_FILE = GiveCake/Info.plist;
				INFOPLIST_KEY_UIApplicationSupportsIndirectInputEvents = YES;
				INFOPLIST_KEY_UILaunchStoryboardName = LaunchScreen;
				INFOPLIST_KEY_UIMainStoryboardFile = Main;
				INFOPLIST_KEY_UISupportedInterfaceOrientations_iPad = "UIInterfaceOrientationPortrait UIInterfaceOrientationPortraitUpsideDown UIInterfaceOrientationLandscapeLeft UIInterfaceOrientationLandscapeRight";
				INFOPLIST_KEY_UISupportedInterfaceOrientations_iPhone = "UIInterfaceOrientationPortrait UIInterfaceOrientationLandscapeLeft UIInterfaceOrientationLandscapeRight";
				LD_RUNPATH_SEARCH_PATHS = (
					"$(inherited)",
					"@executable_path/Frameworks",
				);
				MARKETING_VERSION = 1.0;
				PRODUCT_BUNDLE_IDENTIFIER = com.DBAL.GiveCake;
				PRODUCT_NAME = "$(TARGET_NAME)";
				PROVISIONING_PROFILE_SPECIFIER = "";
				SWIFT_EMIT_LOC_STRINGS = YES;
				SWIFT_VERSION = 5.0;
				TARGETED_DEVICE_FAMILY = "1,2";
			};
			name = Release;
		};
/* End XCBuildConfiguration section */

/* Begin XCConfigurationList section */
		BC8A6374287FAAF800D7DA7E /* Build configuration list for PBXProject "GiveCake" */ = {
			isa = XCConfigurationList;
			buildConfigurations = (
				BC8A638B287FAAF900D7DA7E /* Debug */,
				BC8A638C287FAAF900D7DA7E /* Release */,
			);
			defaultConfigurationIsVisible = 0;
			defaultConfigurationName = Release;
		};
		BC8A638D287FAAF900D7DA7E /* Build configuration list for PBXNativeTarget "GiveCake" */ = {
			isa = XCConfigurationList;
			buildConfigurations = (
				BC8A638E287FAAF900D7DA7E /* Debug */,
				BC8A638F287FAAF900D7DA7E /* Release */,
			);
			defaultConfigurationIsVisible = 0;
			defaultConfigurationName = Release;
		};
/* End XCConfigurationList section */
	};
	rootObject = BC8A6371287FAAF800D7DA7E /* Project object */;
}
